// !$*UTF8*$!
{
	archiveVersion = 1;
	classes = {
	};
	objectVersion = 50;
	objects = {

/* Begin PBXBuildFile section */
		343B1D9E211C4116004E7E42 /* LoginTableViewController.swift in Sources */ = {isa = PBXBuildFile; fileRef = 343B1D9D211C4116004E7E42 /* LoginTableViewController.swift */; };
		343B1DA1211C416B004E7E42 /* LoginTableViewCell.swift in Sources */ = {isa = PBXBuildFile; fileRef = 343B1DA0211C416B004E7E42 /* LoginTableViewCell.swift */; };
		3478C43A21193A73009F2240 /* Layoutable.swift in Sources */ = {isa = PBXBuildFile; fileRef = 3478C43921193A73009F2240 /* Layoutable.swift */; };
		3478C43D21195BE1009F2240 /* Swift4JsonTableViewCell.swift in Sources */ = {isa = PBXBuildFile; fileRef = 3478C43C21195BE1009F2240 /* Swift4JsonTableViewCell.swift */; };
		3478C44121195D26009F2240 /* UITableView.swift in Sources */ = {isa = PBXBuildFile; fileRef = 3478C44021195D26009F2240 /* UITableView.swift */; };
		3478C44421195E7F009F2240 /* CircleImageView.swift in Sources */ = {isa = PBXBuildFile; fileRef = 3478C44321195E7F009F2240 /* CircleImageView.swift */; };
		3478C48F211996AC009F2240 /* NSLayoutConstraint.swift in Sources */ = {isa = PBXBuildFile; fileRef = 3478C48E211996AC009F2240 /* NSLayoutConstraint.swift */; };
		3478C49121199873009F2240 /* LoadingOverlay.swift in Sources */ = {isa = PBXBuildFile; fileRef = 3478C49021199873009F2240 /* LoadingOverlay.swift */; };
		3478C493211A86E7009F2240 /* HomeViewController.swift in Sources */ = {isa = PBXBuildFile; fileRef = 3478C492211A86E7009F2240 /* HomeViewController.swift */; };
		3478C497211A9F57009F2240 /* LargeTitleTableViewCell.swift in Sources */ = {isa = PBXBuildFile; fileRef = 3478C496211A9F57009F2240 /* LargeTitleTableViewCell.swift */; };
		3478C49B211AD1F0009F2240 /* ChatUITableViewController.swift in Sources */ = {isa = PBXBuildFile; fileRef = 3478C49A211AD1F0009F2240 /* ChatUITableViewController.swift */; };
		3478C49E211AD2E6009F2240 /* LeftBubbleTableViewCell.swift in Sources */ = {isa = PBXBuildFile; fileRef = 3478C49D211AD2E6009F2240 /* LeftBubbleTableViewCell.swift */; };
		3478C4A0211AD9AF009F2240 /* BaseBubbleTableViewCell.swift in Sources */ = {isa = PBXBuildFile; fileRef = 3478C49F211AD9AF009F2240 /* BaseBubbleTableViewCell.swift */; };
		3478C4A2211ADC76009F2240 /* RightBubbleTableViewCell.swift in Sources */ = {isa = PBXBuildFile; fileRef = 3478C4A1211ADC76009F2240 /* RightBubbleTableViewCell.swift */; };
		3478C4A6211AF64B009F2240 /* NotificationObserverViewController.swift in Sources */ = {isa = PBXBuildFile; fileRef = 3478C4A5211AF64B009F2240 /* NotificationObserverViewController.swift */; };
		6B4C38032118A31A00D5320A /* AppDelegate.swift in Sources */ = {isa = PBXBuildFile; fileRef = 6B4C38022118A31A00D5320A /* AppDelegate.swift */; };
		6B4C380A2118A31D00D5320A /* Assets.xcassets in Resources */ = {isa = PBXBuildFile; fileRef = 6B4C38092118A31D00D5320A /* Assets.xcassets */; };
		6B4C380D2118A31D00D5320A /* LaunchScreen.storyboard in Resources */ = {isa = PBXBuildFile; fileRef = 6B4C380B2118A31D00D5320A /* LaunchScreen.storyboard */; };
		6B4C38152118A38600D5320A /* MenuTableViewController.swift in Sources */ = {isa = PBXBuildFile; fileRef = 6B4C38142118A38600D5320A /* MenuTableViewController.swift */; };
		6B4C381A2118A91F00D5320A /* Swift4JsonTableViewController.swift in Sources */ = {isa = PBXBuildFile; fileRef = 6B4C38192118A91F00D5320A /* Swift4JsonTableViewController.swift */; };
/* End PBXBuildFile section */

/* Begin PBXFileReference section */
		343B1D9D211C4116004E7E42 /* LoginTableViewController.swift */ = {isa = PBXFileReference; lastKnownFileType = sourcecode.swift; path = LoginTableViewController.swift; sourceTree = "<group>"; };
		343B1DA0211C416B004E7E42 /* LoginTableViewCell.swift */ = {isa = PBXFileReference; lastKnownFileType = sourcecode.swift; path = LoginTableViewCell.swift; sourceTree = "<group>"; };
		3478C43921193A73009F2240 /* Layoutable.swift */ = {isa = PBXFileReference; lastKnownFileType = sourcecode.swift; path = Layoutable.swift; sourceTree = "<group>"; };
		3478C43C21195BE1009F2240 /* Swift4JsonTableViewCell.swift */ = {isa = PBXFileReference; lastKnownFileType = sourcecode.swift; path = Swift4JsonTableViewCell.swift; sourceTree = "<group>"; };
		3478C44021195D26009F2240 /* UITableView.swift */ = {isa = PBXFileReference; lastKnownFileType = sourcecode.swift; path = UITableView.swift; sourceTree = "<group>"; };
		3478C44321195E7F009F2240 /* CircleImageView.swift */ = {isa = PBXFileReference; lastKnownFileType = sourcecode.swift; path = CircleImageView.swift; sourceTree = "<group>"; };
		3478C48E211996AC009F2240 /* NSLayoutConstraint.swift */ = {isa = PBXFileReference; lastKnownFileType = sourcecode.swift; path = NSLayoutConstraint.swift; sourceTree = "<group>"; };
		3478C49021199873009F2240 /* LoadingOverlay.swift */ = {isa = PBXFileReference; lastKnownFileType = sourcecode.swift; path = LoadingOverlay.swift; sourceTree = "<group>"; };
		3478C492211A86E7009F2240 /* HomeViewController.swift */ = {isa = PBXFileReference; lastKnownFileType = sourcecode.swift; path = HomeViewController.swift; sourceTree = "<group>"; };
		3478C496211A9F57009F2240 /* LargeTitleTableViewCell.swift */ = {isa = PBXFileReference; lastKnownFileType = sourcecode.swift; path = LargeTitleTableViewCell.swift; sourceTree = "<group>"; };
		3478C49A211AD1F0009F2240 /* ChatUITableViewController.swift */ = {isa = PBXFileReference; lastKnownFileType = sourcecode.swift; path = ChatUITableViewController.swift; sourceTree = "<group>"; };
		3478C49D211AD2E6009F2240 /* LeftBubbleTableViewCell.swift */ = {isa = PBXFileReference; lastKnownFileType = sourcecode.swift; path = LeftBubbleTableViewCell.swift; sourceTree = "<group>"; };
		3478C49F211AD9AF009F2240 /* BaseBubbleTableViewCell.swift */ = {isa = PBXFileReference; lastKnownFileType = sourcecode.swift; path = BaseBubbleTableViewCell.swift; sourceTree = "<group>"; };
		3478C4A1211ADC76009F2240 /* RightBubbleTableViewCell.swift */ = {isa = PBXFileReference; lastKnownFileType = sourcecode.swift; path = RightBubbleTableViewCell.swift; sourceTree = "<group>"; };
		3478C4A5211AF64B009F2240 /* NotificationObserverViewController.swift */ = {isa = PBXFileReference; lastKnownFileType = sourcecode.swift; path = NotificationObserverViewController.swift; sourceTree = "<group>"; };
		6B4C37FF2118A31A00D5320A /* iOS Practice.app */ = {isa = PBXFileReference; explicitFileType = wrapper.application; includeInIndex = 0; path = "iOS Practice.app"; sourceTree = BUILT_PRODUCTS_DIR; };
		6B4C38022118A31A00D5320A /* AppDelegate.swift */ = {isa = PBXFileReference; lastKnownFileType = sourcecode.swift; path = AppDelegate.swift; sourceTree = "<group>"; };
		6B4C38092118A31D00D5320A /* Assets.xcassets */ = {isa = PBXFileReference; lastKnownFileType = folder.assetcatalog; path = Assets.xcassets; sourceTree = "<group>"; };
		6B4C380C2118A31D00D5320A /* Base */ = {isa = PBXFileReference; lastKnownFileType = file.storyboard; name = Base; path = Base.lproj/LaunchScreen.storyboard; sourceTree = "<group>"; };
		6B4C380E2118A31D00D5320A /* Info.plist */ = {isa = PBXFileReference; lastKnownFileType = text.plist.xml; path = Info.plist; sourceTree = "<group>"; };
		6B4C38142118A38600D5320A /* MenuTableViewController.swift */ = {isa = PBXFileReference; lastKnownFileType = sourcecode.swift; path = MenuTableViewController.swift; sourceTree = "<group>"; };
		6B4C38192118A91F00D5320A /* Swift4JsonTableViewController.swift */ = {isa = PBXFileReference; lastKnownFileType = sourcecode.swift; path = Swift4JsonTableViewController.swift; sourceTree = "<group>"; };
/* End PBXFileReference section */

/* Begin PBXFrameworksBuildPhase section */
		6B4C37FC2118A31A00D5320A /* Frameworks */ = {
			isa = PBXFrameworksBuildPhase;
			buildActionMask = 2147483647;
			files = (
			);
			runOnlyForDeploymentPostprocessing = 0;
		};
/* End PBXFrameworksBuildPhase section */

/* Begin PBXGroup section */
		341E9CC3211BE0A500031E55 /* Reuseable View */ = {
			isa = PBXGroup;
			children = (
				343B1D9C211C40F5004E7E42 /* Base Login */,
			);
			path = "Reuseable View";
			sourceTree = "<group>";
		};
		343B1D9C211C40F5004E7E42 /* Base Login */ = {
			isa = PBXGroup;
			children = (
				343B1D9F211C4155004E7E42 /* views */,
				343B1D9D211C4116004E7E42 /* LoginTableViewController.swift */,
			);
			path = "Base Login";
			sourceTree = "<group>";
		};
		343B1D9F211C4155004E7E42 /* views */ = {
			isa = PBXGroup;
			children = (
				343B1DA0211C416B004E7E42 /* LoginTableViewCell.swift */,
			);
			path = views;
			sourceTree = "<group>";
		};
		3478C43721193A46009F2240 /* Library */ = {
			isa = PBXGroup;
			children = (
				3478C44221195E64009F2240 /* view */,
				3478C43821193A62009F2240 /* extension */,
			);
			path = Library;
			sourceTree = "<group>";
		};
		3478C43821193A62009F2240 /* extension */ = {
			isa = PBXGroup;
			children = (
				3478C43921193A73009F2240 /* Layoutable.swift */,
				3478C44021195D26009F2240 /* UITableView.swift */,
				3478C48E211996AC009F2240 /* NSLayoutConstraint.swift */,
			);
			path = extension;
			sourceTree = "<group>";
		};
		3478C43B21195BC2009F2240 /* views */ = {
			isa = PBXGroup;
			children = (
				3478C43C21195BE1009F2240 /* Swift4JsonTableViewCell.swift */,
			);
			path = views;
			sourceTree = "<group>";
		};
		3478C44221195E64009F2240 /* view */ = {
			isa = PBXGroup;
			children = (
				3478C44321195E7F009F2240 /* CircleImageView.swift */,
				3478C49021199873009F2240 /* LoadingOverlay.swift */,
				3478C496211A9F57009F2240 /* LargeTitleTableViewCell.swift */,
			);
			path = view;
			sourceTree = "<group>";
		};
		3478C499211AD1BE009F2240 /* Chat UI */ = {
			isa = PBXGroup;
			children = (
				3478C49C211AD2D0009F2240 /* views */,
				3478C49A211AD1F0009F2240 /* ChatUITableViewController.swift */,
			);
			path = "Chat UI";
			sourceTree = "<group>";
		};
		3478C49C211AD2D0009F2240 /* views */ = {
			isa = PBXGroup;
			children = (
				3478C49F211AD9AF009F2240 /* BaseBubbleTableViewCell.swift */,
				3478C49D211AD2E6009F2240 /* LeftBubbleTableViewCell.swift */,
				3478C4A1211ADC76009F2240 /* RightBubbleTableViewCell.swift */,
			);
			path = views;
			sourceTree = "<group>";
		};
		3478C4A4211AF61D009F2240 /* Notification Observer */ = {
			isa = PBXGroup;
			children = (
				3478C4A5211AF64B009F2240 /* NotificationObserverViewController.swift */,
			);
			path = "Notification Observer";
			sourceTree = "<group>";
		};
		6B4C37F62118A31A00D5320A = {
			isa = PBXGroup;
			children = (
				6B4C38012118A31A00D5320A /* iOS Practice */,
				6B4C38002118A31A00D5320A /* Products */,
			);
			sourceTree = "<group>";
		};
		6B4C38002118A31A00D5320A /* Products */ = {
			isa = PBXGroup;
			children = (
				6B4C37FF2118A31A00D5320A /* iOS Practice.app */,
			);
			name = Products;
			sourceTree = "<group>";
		};
		6B4C38012118A31A00D5320A /* iOS Practice */ = {
			isa = PBXGroup;
			children = (
				3478C43721193A46009F2240 /* Library */,
				6B4C381B2118B0AE00D5320A /* Practice */,
				341E9CC3211BE0A500031E55 /* Reuseable View */,
				6B4C38022118A31A00D5320A /* AppDelegate.swift */,
				6B4C38162118A6FB00D5320A /* Home */,
				6B4C38092118A31D00D5320A /* Assets.xcassets */,
				6B4C380B2118A31D00D5320A /* LaunchScreen.storyboard */,
				6B4C380E2118A31D00D5320A /* Info.plist */,
			);
			path = "iOS Practice";
			sourceTree = "<group>";
		};
		6B4C38162118A6FB00D5320A /* Home */ = {
			isa = PBXGroup;
			children = (
				6B4C38142118A38600D5320A /* MenuTableViewController.swift */,
				3478C492211A86E7009F2240 /* HomeViewController.swift */,
			);
			path = Home;
			sourceTree = "<group>";
		};
		6B4C38182118A8EE00D5320A /* Swift4Json */ = {
			isa = PBXGroup;
			children = (
				3478C43B21195BC2009F2240 /* views */,
				6B4C38192118A91F00D5320A /* Swift4JsonTableViewController.swift */,
			);
			path = Swift4Json;
			sourceTree = "<group>";
		};
		6B4C381B2118B0AE00D5320A /* Practice */ = {
			isa = PBXGroup;
			children = (
				3478C4A4211AF61D009F2240 /* Notification Observer */,
				3478C499211AD1BE009F2240 /* Chat UI */,
				6B4C38182118A8EE00D5320A /* Swift4Json */,
			);
			path = Practice;
			sourceTree = "<group>";
		};
/* End PBXGroup section */

/* Begin PBXNativeTarget section */
		6B4C37FE2118A31A00D5320A /* iOS Practice */ = {
			isa = PBXNativeTarget;
			buildConfigurationList = 6B4C38112118A31D00D5320A /* Build configuration list for PBXNativeTarget "iOS Practice" */;
			buildPhases = (
				6B4C37FB2118A31A00D5320A /* Sources */,
				6B4C37FC2118A31A00D5320A /* Frameworks */,
				6B4C37FD2118A31A00D5320A /* Resources */,
			);
			buildRules = (
			);
			dependencies = (
			);
			name = "iOS Practice";
			productName = "iOS Practice";
			productReference = 6B4C37FF2118A31A00D5320A /* iOS Practice.app */;
			productType = "com.apple.product-type.application";
		};
/* End PBXNativeTarget section */

/* Begin PBXProject section */
		6B4C37F72118A31A00D5320A /* Project object */ = {
			isa = PBXProject;
			attributes = {
				LastSwiftUpdateCheck = 0940;
				LastUpgradeCheck = 0940;
				ORGANIZATIONNAME = KL;
				TargetAttributes = {
					6B4C37FE2118A31A00D5320A = {
						CreatedOnToolsVersion = 9.4.1;
					};
				};
			};
			buildConfigurationList = 6B4C37FA2118A31A00D5320A /* Build configuration list for PBXProject "iOS Practice" */;
			compatibilityVersion = "Xcode 9.3";
			developmentRegion = en;
			hasScannedForEncodings = 0;
			knownRegions = (
				en,
				Base,
			);
			mainGroup = 6B4C37F62118A31A00D5320A;
			productRefGroup = 6B4C38002118A31A00D5320A /* Products */;
			projectDirPath = "";
			projectRoot = "";
			targets = (
				6B4C37FE2118A31A00D5320A /* iOS Practice */,
			);
		};
/* End PBXProject section */

/* Begin PBXResourcesBuildPhase section */
		6B4C37FD2118A31A00D5320A /* Resources */ = {
			isa = PBXResourcesBuildPhase;
			buildActionMask = 2147483647;
			files = (
				6B4C380D2118A31D00D5320A /* LaunchScreen.storyboard in Resources */,
				6B4C380A2118A31D00D5320A /* Assets.xcassets in Resources */,
			);
			runOnlyForDeploymentPostprocessing = 0;
		};
/* End PBXResourcesBuildPhase section */

/* Begin PBXSourcesBuildPhase section */
		6B4C37FB2118A31A00D5320A /* Sources */ = {
			isa = PBXSourcesBuildPhase;
			buildActionMask = 2147483647;
			files = (
				3478C49E211AD2E6009F2240 /* LeftBubbleTableViewCell.swift in Sources */,
				3478C4A6211AF64B009F2240 /* NotificationObserverViewController.swift in Sources */,
				6B4C38152118A38600D5320A /* MenuTableViewController.swift in Sources */,
				343B1DA1211C416B004E7E42 /* LoginTableViewCell.swift in Sources */,
				3478C43A21193A73009F2240 /* Layoutable.swift in Sources */,
				3478C44421195E7F009F2240 /* CircleImageView.swift in Sources */,
				3478C49B211AD1F0009F2240 /* ChatUITableViewController.swift in Sources */,
				6B4C381A2118A91F00D5320A /* Swift4JsonTableViewController.swift in Sources */,
				3478C43D21195BE1009F2240 /* Swift4JsonTableViewCell.swift in Sources */,
				3478C493211A86E7009F2240 /* HomeViewController.swift in Sources */,
				3478C4A2211ADC76009F2240 /* RightBubbleTableViewCell.swift in Sources */,
				343B1D9E211C4116004E7E42 /* LoginTableViewController.swift in Sources */,
				6B4C38032118A31A00D5320A /* AppDelegate.swift in Sources */,
				3478C44121195D26009F2240 /* UITableView.swift in Sources */,
				3478C48F211996AC009F2240 /* NSLayoutConstraint.swift in Sources */,
				3478C497211A9F57009F2240 /* LargeTitleTableViewCell.swift in Sources */,
				3478C4A0211AD9AF009F2240 /* BaseBubbleTableViewCell.swift in Sources */,
				3478C49121199873009F2240 /* LoadingOverlay.swift in Sources */,
			);
			runOnlyForDeploymentPostprocessing = 0;
		};
/* End PBXSourcesBuildPhase section */

/* Begin PBXVariantGroup section */
		6B4C380B2118A31D00D5320A /* LaunchScreen.storyboard */ = {
			isa = PBXVariantGroup;
			children = (
				6B4C380C2118A31D00D5320A /* Base */,
			);
			name = LaunchScreen.storyboard;
			sourceTree = "<group>";
		};
/* End PBXVariantGroup section */

/* Begin XCBuildConfiguration section */
		6B4C380F2118A31D00D5320A /* Debug */ = {
			isa = XCBuildConfiguration;
			buildSettings = {
				ALWAYS_SEARCH_USER_PATHS = NO;
				CLANG_ANALYZER_NONNULL = YES;
				CLANG_ANALYZER_NUMBER_OBJECT_CONVERSION = YES_AGGRESSIVE;
				CLANG_CXX_LANGUAGE_STANDARD = "gnu++14";
				CLANG_CXX_LIBRARY = "libc++";
				CLANG_ENABLE_MODULES = YES;
				CLANG_ENABLE_OBJC_ARC = YES;
				CLANG_ENABLE_OBJC_WEAK = YES;
				CLANG_WARN_BLOCK_CAPTURE_AUTORELEASING = YES;
				CLANG_WARN_BOOL_CONVERSION = YES;
				CLANG_WARN_COMMA = YES;
				CLANG_WARN_CONSTANT_CONVERSION = YES;
				CLANG_WARN_DEPRECATED_OBJC_IMPLEMENTATIONS = YES;
				CLANG_WARN_DIRECT_OBJC_ISA_USAGE = YES_ERROR;
				CLANG_WARN_DOCUMENTATION_COMMENTS = YES;
				CLANG_WARN_EMPTY_BODY = YES;
				CLANG_WARN_ENUM_CONVERSION = YES;
				CLANG_WARN_INFINITE_RECURSION = YES;
				CLANG_WARN_INT_CONVERSION = YES;
				CLANG_WARN_NON_LITERAL_NULL_CONVERSION = YES;
				CLANG_WARN_OBJC_IMPLICIT_RETAIN_SELF = YES;
				CLANG_WARN_OBJC_LITERAL_CONVERSION = YES;
				CLANG_WARN_OBJC_ROOT_CLASS = YES_ERROR;
				CLANG_WARN_RANGE_LOOP_ANALYSIS = YES;
				CLANG_WARN_STRICT_PROTOTYPES = YES;
				CLANG_WARN_SUSPICIOUS_MOVE = YES;
				CLANG_WARN_UNGUARDED_AVAILABILITY = YES_AGGRESSIVE;
				CLANG_WARN_UNREACHABLE_CODE = YES;
				CLANG_WARN__DUPLICATE_METHOD_MATCH = YES;
				CODE_SIGN_IDENTITY = "iPhone Developer";
				COPY_PHASE_STRIP = NO;
				DEBUG_INFORMATION_FORMAT = dwarf;
				ENABLE_STRICT_OBJC_MSGSEND = YES;
				ENABLE_TESTABILITY = YES;
				GCC_C_LANGUAGE_STANDARD = gnu11;
				GCC_DYNAMIC_NO_PIC = NO;
				GCC_NO_COMMON_BLOCKS = YES;
				GCC_OPTIMIZATION_LEVEL = 0;
				GCC_PREPROCESSOR_DEFINITIONS = (
					"DEBUG=1",
					"$(inherited)",
				);
				GCC_WARN_64_TO_32_BIT_CONVERSION = YES;
				GCC_WARN_ABOUT_RETURN_TYPE = YES_ERROR;
				GCC_WARN_UNDECLARED_SELECTOR = YES;
				GCC_WARN_UNINITIALIZED_AUTOS = YES_AGGRESSIVE;
				GCC_WARN_UNUSED_FUNCTION = YES;
				GCC_WARN_UNUSED_VARIABLE = YES;
				IPHONEOS_DEPLOYMENT_TARGET = 11.0;
				MTL_ENABLE_DEBUG_INFO = YES;
				ONLY_ACTIVE_ARCH = YES;
				SDKROOT = iphoneos;
				SWIFT_ACTIVE_COMPILATION_CONDITIONS = DEBUG;
				SWIFT_OPTIMIZATION_LEVEL = "-Onone";
			};
			name = Debug;
		};
		6B4C38102118A31D00D5320A /* Release */ = {
			isa = XCBuildConfiguration;
			buildSettings = {
				ALWAYS_SEARCH_USER_PATHS = NO;
				CLANG_ANALYZER_NONNULL = YES;
				CLANG_ANALYZER_NUMBER_OBJECT_CONVERSION = YES_AGGRESSIVE;
				CLANG_CXX_LANGUAGE_STANDARD = "gnu++14";
				CLANG_CXX_LIBRARY = "libc++";
				CLANG_ENABLE_MODULES = YES;
				CLANG_ENABLE_OBJC_ARC = YES;
				CLANG_ENABLE_OBJC_WEAK = YES;
				CLANG_WARN_BLOCK_CAPTURE_AUTORELEASING = YES;
				CLANG_WARN_BOOL_CONVERSION = YES;
				CLANG_WARN_COMMA = YES;
				CLANG_WARN_CONSTANT_CONVERSION = YES;
				CLANG_WARN_DEPRECATED_OBJC_IMPLEMENTATIONS = YES;
				CLANG_WARN_DIRECT_OBJC_ISA_USAGE = YES_ERROR;
				CLANG_WARN_DOCUMENTATION_COMMENTS = YES;
				CLANG_WARN_EMPTY_BODY = YES;
				CLANG_WARN_ENUM_CONVERSION = YES;
				CLANG_WARN_INFINITE_RECURSION = YES;
				CLANG_WARN_INT_CONVERSION = YES;
				CLANG_WARN_NON_LITERAL_NULL_CONVERSION = YES;
				CLANG_WARN_OBJC_IMPLICIT_RETAIN_SELF = YES;
				CLANG_WARN_OBJC_LITERAL_CONVERSION = YES;
				CLANG_WARN_OBJC_ROOT_CLASS = YES_ERROR;
				CLANG_WARN_RANGE_LOOP_ANALYSIS = YES;
				CLANG_WARN_STRICT_PROTOTYPES = YES;
				CLANG_WARN_SUSPICIOUS_MOVE = YES;
				CLANG_WARN_UNGUARDED_AVAILABILITY = YES_AGGRESSIVE;
				CLANG_WARN_UNREACHABLE_CODE = YES;
				CLANG_WARN__DUPLICATE_METHOD_MATCH = YES;
				CODE_SIGN_IDENTITY = "iPhone Developer";
				COPY_PHASE_STRIP = NO;
				DEBUG_INFORMATION_FORMAT = "dwarf-with-dsym";
				ENABLE_NS_ASSERTIONS = NO;
				ENABLE_STRICT_OBJC_MSGSEND = YES;
				GCC_C_LANGUAGE_STANDARD = gnu11;
				GCC_NO_COMMON_BLOCKS = YES;
				GCC_WARN_64_TO_32_BIT_CONVERSION = YES;
				GCC_WARN_ABOUT_RETURN_TYPE = YES_ERROR;
				GCC_WARN_UNDECLARED_SELECTOR = YES;
				GCC_WARN_UNINITIALIZED_AUTOS = YES_AGGRESSIVE;
				GCC_WARN_UNUSED_FUNCTION = YES;
				GCC_WARN_UNUSED_VARIABLE = YES;
				IPHONEOS_DEPLOYMENT_TARGET = 11.0;
				MTL_ENABLE_DEBUG_INFO = NO;
				SDKROOT = iphoneos;
				SWIFT_COMPILATION_MODE = wholemodule;
				SWIFT_OPTIMIZATION_LEVEL = "-O";
				VALIDATE_PRODUCT = YES;
			};
			name = Release;
		};
		6B4C38122118A31D00D5320A /* Debug */ = {
			isa = XCBuildConfiguration;
			buildSettings = {
				ASSETCATALOG_COMPILER_APPICON_NAME = AppIcon;
				CODE_SIGN_STYLE = Manual;
				DEVELOPMENT_TEAM = 26Z79RZT8A;
				INFOPLIST_FILE = "iOS Practice/Info.plist";
				IPHONEOS_DEPLOYMENT_TARGET = 11.0;
				LD_RUNPATH_SEARCH_PATHS = (
					"$(inherited)",
					"@executable_path/Frameworks",
				);
				PRODUCT_BUNDLE_IDENTIFIER = "KL.personal.iOS-Practice";
				PRODUCT_NAME = "$(TARGET_NAME)";
				PROVISIONING_PROFILE = "ce57cb19-4ba7-460c-a58e-b58c76800cea";
				PROVISIONING_PROFILE_SPECIFIER = iOSPracticeDevPP;
				SWIFT_VERSION = 4.0;
				TARGETED_DEVICE_FAMILY = "1,2";
			};
			name = Debug;
		};
		6B4C38132118A31D00D5320A /* Release */ = {
			isa = XCBuildConfiguration;
			buildSettings = {
				ASSETCATALOG_COMPILER_APPICON_NAME = AppIcon;
				CODE_SIGN_STYLE = Manual;
				DEVELOPMENT_TEAM = "";
				INFOPLIST_FILE = "iOS Practice/Info.plist";
				IPHONEOS_DEPLOYMENT_TARGET = 11.0;
				LD_RUNPATH_SEARCH_PATHS = (
					"$(inherited)",
					"@executable_path/Frameworks",
				);
				PRODUCT_BUNDLE_IDENTIFIER = "KL.personal.iOS-Practice";
				PRODUCT_NAME = "$(TARGET_NAME)";
				PROVISIONING_PROFILE_SPECIFIER = "";
				SWIFT_VERSION = 4.0;
				TARGETED_DEVICE_FAMILY = "1,2";
			};
			name = Release;
		};
/* End XCBuildConfiguration section */

/* Begin XCConfigurationList section */
		6B4C37FA2118A31A00D5320A /* Build configuration list for PBXProject "iOS Practice" */ = {
			isa = XCConfigurationList;
			buildConfigurations = (
				6B4C380F2118A31D00D5320A /* Debug */,
				6B4C38102118A31D00D5320A /* Release */,
			);
			defaultConfigurationIsVisible = 0;
			defaultConfigurationName = Release;
		};
		6B4C38112118A31D00D5320A /* Build configuration list for PBXNativeTarget "iOS Practice" */ = {
			isa = XCConfigurationList;
			buildConfigurations = (
				6B4C38122118A31D00D5320A /* Debug */,
				6B4C38132118A31D00D5320A /* Release */,
			);
			defaultConfigurationIsVisible = 0;
			defaultConfigurationName = Release;
		};
/* End XCConfigurationList section */
	};
	rootObject = 6B4C37F72118A31A00D5320A /* Project object */;
}
