// !$*UTF8*$!
{
	archiveVersion = 1;
	classes = {
	};
	objectVersion = 50;
	objects = {

/* Begin PBXBuildFile section */
		340E07822135104A0029D8E2 /* CircleProgressViewController.swift in Sources */ = {isa = PBXBuildFile; fileRef = 340E07812135104A0029D8E2 /* CircleProgressViewController.swift */; };
		340E078421365C510029D8E2 /* UIColor.swift in Sources */ = {isa = PBXBuildFile; fileRef = 340E078321365C510029D8E2 /* UIColor.swift */; };
		340E07872136645B0029D8E2 /* MagicalGridViewController.swift in Sources */ = {isa = PBXBuildFile; fileRef = 340E07862136645B0029D8E2 /* MagicalGridViewController.swift */; };
		340E078D213691830029D8E2 /* AnimationViewTableViewController.swift in Sources */ = {isa = PBXBuildFile; fileRef = 340E078C213691830029D8E2 /* AnimationViewTableViewController.swift */; };
		340E0790213692600029D8E2 /* ShimmerTableViewCell.swift in Sources */ = {isa = PBXBuildFile; fileRef = 340E078F213692600029D8E2 /* ShimmerTableViewCell.swift */; };
		340E0792213697770029D8E2 /* NoneSelectionStyleTableViewCell.swift in Sources */ = {isa = PBXBuildFile; fileRef = 340E0791213697770029D8E2 /* NoneSelectionStyleTableViewCell.swift */; };
		340E07952136A49E0029D8E2 /* GenericTableViewController.swift in Sources */ = {isa = PBXBuildFile; fileRef = 340E07942136A49E0029D8E2 /* GenericTableViewController.swift */; };
		3437D1DA214B6F170073BD9A /* SpeechRecognitionViewController.swift in Sources */ = {isa = PBXBuildFile; fileRef = 3437D1D9214B6F170073BD9A /* SpeechRecognitionViewController.swift */; };
		34390B2D2138E414005F7503 /* ValidatorManager.swift in Sources */ = {isa = PBXBuildFile; fileRef = 34390B2C2138E414005F7503 /* ValidatorManager.swift */; };
		34390B342138EFB3005F7503 /* AnimationButtonCollectionViewController.swift in Sources */ = {isa = PBXBuildFile; fileRef = 34390B332138EFB3005F7503 /* AnimationButtonCollectionViewController.swift */; };
		34390B382138F778005F7503 /* KLCollectionViewController.swift in Sources */ = {isa = PBXBuildFile; fileRef = 34390B372138F778005F7503 /* KLCollectionViewController.swift */; };
		34390B3B2138F90D005F7503 /* AnimatedButtonCell.swift in Sources */ = {isa = PBXBuildFile; fileRef = 34390B3A2138F90D005F7503 /* AnimatedButtonCell.swift */; };
		34390B4421390E18005F7503 /* KLAnimatableProtocol.swift in Sources */ = {isa = PBXBuildFile; fileRef = 34390B4321390E18005F7503 /* KLAnimatableProtocol.swift */; };
		34390B4821392C4A005F7503 /* ActivityIndicatorCollectionViewController.swift in Sources */ = {isa = PBXBuildFile; fileRef = 34390B4721392C4A005F7503 /* ActivityIndicatorCollectionViewController.swift */; };
		34390B4A21392CAE005F7503 /* KLActivityIndicatorShape.swift in Sources */ = {isa = PBXBuildFile; fileRef = 34390B4921392CAE005F7503 /* KLActivityIndicatorShape.swift */; };
		34390B4D21393041005F7503 /* ActivityIndicatorCollectionViewCell.swift in Sources */ = {isa = PBXBuildFile; fileRef = 34390B4C21393041005F7503 /* ActivityIndicatorCollectionViewCell.swift */; };
		34390B53213935A7005F7503 /* KLActivityIndicatorAnimationDelegate.swift in Sources */ = {isa = PBXBuildFile; fileRef = 34390B52213935A7005F7503 /* KLActivityIndicatorAnimationDelegate.swift */; };
		34390B552139372F005F7503 /* KLActivityIndicatorType.swift in Sources */ = {isa = PBXBuildFile; fileRef = 34390B542139372F005F7503 /* KLActivityIndicatorType.swift */; };
		343B1D9E211C4116004E7E42 /* LoginTableViewController.swift in Sources */ = {isa = PBXBuildFile; fileRef = 343B1D9D211C4116004E7E42 /* LoginTableViewController.swift */; };
		343B1DA1211C416B004E7E42 /* LoginTableViewCell.swift in Sources */ = {isa = PBXBuildFile; fileRef = 343B1DA0211C416B004E7E42 /* LoginTableViewCell.swift */; };
		34645FB521227D7E00D3D59D /* PaddingTextField.swift in Sources */ = {isa = PBXBuildFile; fileRef = 34645FB421227D7E00D3D59D /* PaddingTextField.swift */; };
		34645FB8212290B900D3D59D /* MessageUiViewController.swift in Sources */ = {isa = PBXBuildFile; fileRef = 34645FB7212290B900D3D59D /* MessageUiViewController.swift */; };
		34645FC22122D43800D3D59D /* KMBSearchViewController.swift in Sources */ = {isa = PBXBuildFile; fileRef = 34645FC12122D43800D3D59D /* KMBSearchViewController.swift */; };
		34645FC42123C82100D3D59D /* FreeAppParser.swift in Sources */ = {isa = PBXBuildFile; fileRef = 34645FC32123C82100D3D59D /* FreeAppParser.swift */; };
		34645FC62123CE5700D3D59D /* KMBClient.swift in Sources */ = {isa = PBXBuildFile; fileRef = 34645FC52123CE5700D3D59D /* KMBClient.swift */; };
		34645FCC2123D2DA00D3D59D /* KivawsLoanClient.swift in Sources */ = {isa = PBXBuildFile; fileRef = 34645FCB2123D2DA00D3D59D /* KivawsLoanClient.swift */; };
		34645FCE2123DE4200D3D59D /* KLTableViewController.swift in Sources */ = {isa = PBXBuildFile; fileRef = 34645FCD2123DE4200D3D59D /* KLTableViewController.swift */; };
		34645FD12123DF0B00D3D59D /* FreeAppCell.swift in Sources */ = {isa = PBXBuildFile; fileRef = 34645FD02123DF0B00D3D59D /* FreeAppCell.swift */; };
		34645FD32123E99A00D3D59D /* WhatsappClient.swift in Sources */ = {isa = PBXBuildFile; fileRef = 34645FD22123E99A00D3D59D /* WhatsappClient.swift */; };
		34645FD52123EFA400D3D59D /* String.swift in Sources */ = {isa = PBXBuildFile; fileRef = 34645FD42123EFA400D3D59D /* String.swift */; };
		34645FD821242D9100D3D59D /* KMBDataManager.swift in Sources */ = {isa = PBXBuildFile; fileRef = 34645FD721242D9100D3D59D /* KMBDataManager.swift */; };
		34663150217D72EE00BA222D /* KLCustomTableViewController.swift in Sources */ = {isa = PBXBuildFile; fileRef = 3466314F217D72EE00BA222D /* KLCustomTableViewController.swift */; };
		346D2FF42167440F0071AF7D /* KLImagePageViewController.swift in Sources */ = {isa = PBXBuildFile; fileRef = 346D2FF32167440F0071AF7D /* KLImagePageViewController.swift */; };
		346D2FF62167455E0071AF7D /* KLImageViewController.swift in Sources */ = {isa = PBXBuildFile; fileRef = 346D2FF52167455E0071AF7D /* KLImageViewController.swift */; };
		3478C43A21193A73009F2240 /* Layoutable.swift in Sources */ = {isa = PBXBuildFile; fileRef = 3478C43921193A73009F2240 /* Layoutable.swift */; };
		3478C43D21195BE1009F2240 /* Swift4JsonTableViewCell.swift in Sources */ = {isa = PBXBuildFile; fileRef = 3478C43C21195BE1009F2240 /* Swift4JsonTableViewCell.swift */; };
		3478C44121195D26009F2240 /* UITableView.swift in Sources */ = {isa = PBXBuildFile; fileRef = 3478C44021195D26009F2240 /* UITableView.swift */; };
		3478C44421195E7F009F2240 /* CircleImageView.swift in Sources */ = {isa = PBXBuildFile; fileRef = 3478C44321195E7F009F2240 /* CircleImageView.swift */; };
		3478C48F211996AC009F2240 /* NSLayoutConstraint.swift in Sources */ = {isa = PBXBuildFile; fileRef = 3478C48E211996AC009F2240 /* NSLayoutConstraint.swift */; };
		3478C49121199873009F2240 /* LoadingOverlay.swift in Sources */ = {isa = PBXBuildFile; fileRef = 3478C49021199873009F2240 /* LoadingOverlay.swift */; };
		3478C493211A86E7009F2240 /* HomeViewController.swift in Sources */ = {isa = PBXBuildFile; fileRef = 3478C492211A86E7009F2240 /* HomeViewController.swift */; };
		3478C497211A9F57009F2240 /* LargeTitleTableViewCell.swift in Sources */ = {isa = PBXBuildFile; fileRef = 3478C496211A9F57009F2240 /* LargeTitleTableViewCell.swift */; };
		3478C49B211AD1F0009F2240 /* ChatUITableViewController.swift in Sources */ = {isa = PBXBuildFile; fileRef = 3478C49A211AD1F0009F2240 /* ChatUITableViewController.swift */; };
		3478C49E211AD2E6009F2240 /* LeftBubbleTableViewCell.swift in Sources */ = {isa = PBXBuildFile; fileRef = 3478C49D211AD2E6009F2240 /* LeftBubbleTableViewCell.swift */; };
		3478C4A0211AD9AF009F2240 /* BaseBubbleTableViewCell.swift in Sources */ = {isa = PBXBuildFile; fileRef = 3478C49F211AD9AF009F2240 /* BaseBubbleTableViewCell.swift */; };
		3478C4A2211ADC76009F2240 /* RightBubbleTableViewCell.swift in Sources */ = {isa = PBXBuildFile; fileRef = 3478C4A1211ADC76009F2240 /* RightBubbleTableViewCell.swift */; };
		3478C4A6211AF64B009F2240 /* NotificationObserverViewController.swift in Sources */ = {isa = PBXBuildFile; fileRef = 3478C4A5211AF64B009F2240 /* NotificationObserverViewController.swift */; };
		3479FF69216F05D10076F53C /* SCNVector3+Extensions.swift in Sources */ = {isa = PBXBuildFile; fileRef = 3479FF5F216F05D10076F53C /* SCNVector3+Extensions.swift */; };
		3479FF6A216F05D10076F53C /* SceneLocationEstimate.swift in Sources */ = {isa = PBXBuildFile; fileRef = 3479FF60216F05D10076F53C /* SceneLocationEstimate.swift */; };
		3479FF6B216F05D10076F53C /* SceneLocationEstimate+Extensions.swift in Sources */ = {isa = PBXBuildFile; fileRef = 3479FF61216F05D10076F53C /* SceneLocationEstimate+Extensions.swift */; };
		3479FF6C216F05D10076F53C /* FloatingPoint+Radians.swift in Sources */ = {isa = PBXBuildFile; fileRef = 3479FF62216F05D10076F53C /* FloatingPoint+Radians.swift */; };
		3479FF6D216F05D10076F53C /* LocationNode.swift in Sources */ = {isa = PBXBuildFile; fileRef = 3479FF63216F05D10076F53C /* LocationNode.swift */; };
		3479FF6E216F05D10076F53C /* CGPoint+Extensions.swift in Sources */ = {isa = PBXBuildFile; fileRef = 3479FF64216F05D10076F53C /* CGPoint+Extensions.swift */; };
		3479FF6F216F05D10076F53C /* CLLocation+Extensions.swift in Sources */ = {isa = PBXBuildFile; fileRef = 3479FF65216F05D10076F53C /* CLLocation+Extensions.swift */; };
		3479FF70216F05D10076F53C /* SceneLocationView.swift in Sources */ = {isa = PBXBuildFile; fileRef = 3479FF66216F05D10076F53C /* SceneLocationView.swift */; };
		3479FF71216F05D10076F53C /* LocationManager.swift in Sources */ = {isa = PBXBuildFile; fileRef = 3479FF67216F05D10076F53C /* LocationManager.swift */; };
		3479FF72216F05D10076F53C /* SCNNode+Extensions.swift in Sources */ = {isa = PBXBuildFile; fileRef = 3479FF68216F05D10076F53C /* SCNNode+Extensions.swift */; };
		347DAE602167325500BEAD34 /* ImageCollectionViewCell.swift in Sources */ = {isa = PBXBuildFile; fileRef = 347DAE5F2167325500BEAD34 /* ImageCollectionViewCell.swift */; };
		34B7FFF22140D109009F25D8 /* ScreenSizeManager.swift in Sources */ = {isa = PBXBuildFile; fileRef = 34B7FFF12140D109009F25D8 /* ScreenSizeManager.swift */; };
		34B7FFF42140D1A4009F25D8 /* KLAlertViewManager.swift in Sources */ = {isa = PBXBuildFile; fileRef = 34B7FFF32140D1A4009F25D8 /* KLAlertViewManager.swift */; };
		34B7FFF62140E7AF009F25D8 /* MenuManager.swift in Sources */ = {isa = PBXBuildFile; fileRef = 34B7FFF52140E7AF009F25D8 /* MenuManager.swift */; };
		34B7FFF92140F3EE009F25D8 /* PopUpViewController.swift in Sources */ = {isa = PBXBuildFile; fileRef = 34B7FFF82140F3EE009F25D8 /* PopUpViewController.swift */; };
		34B7FFFC2140F4BC009F25D8 /* PopUpCollectionViewCell.swift in Sources */ = {isa = PBXBuildFile; fileRef = 34B7FFFB2140F4BC009F25D8 /* PopUpCollectionViewCell.swift */; };
		34BAC636216DE365003AD55A /* ARKitTapToAddViewController.swift in Sources */ = {isa = PBXBuildFile; fileRef = 34BAC635216DE365003AD55A /* ARKitTapToAddViewController.swift */; };
		34BAC63A216DE455003AD55A /* ship.scn in Resources */ = {isa = PBXBuildFile; fileRef = 34BAC638216DE455003AD55A /* ship.scn */; };
		34BAC63D216DE8AD003AD55A /* ship.png in Resources */ = {isa = PBXBuildFile; fileRef = 34BAC63C216DE8AD003AD55A /* ship.png */; };
		34BAC641216E01A0003AD55A /* ARKitGeogAddViewController.swift in Sources */ = {isa = PBXBuildFile; fileRef = 34BAC640216E01A0003AD55A /* ARKitGeogAddViewController.swift */; };
		34E168512140FA9900522628 /* KLPickerViewController.swift in Sources */ = {isa = PBXBuildFile; fileRef = 34E168502140FA9900522628 /* KLPickerViewController.swift */; };
		34E168532140FB0400522628 /* BottomCardViewController.swift in Sources */ = {isa = PBXBuildFile; fileRef = 34E168522140FB0400522628 /* BottomCardViewController.swift */; };
		34E1685521411BA600522628 /* PaperSwitch.swift in Sources */ = {isa = PBXBuildFile; fileRef = 34E1685421411BA600522628 /* PaperSwitch.swift */; };
		34E168582142331A00522628 /* PagingCollectionViewController.swift in Sources */ = {isa = PBXBuildFile; fileRef = 34E168572142331A00522628 /* PagingCollectionViewController.swift */; };
		34E1685A2142442300522628 /* PagingViewController.swift in Sources */ = {isa = PBXBuildFile; fileRef = 34E168592142442300522628 /* PagingViewController.swift */; };
		34F6D28B2126759A00C84CE6 /* NetworkManager.swift in Sources */ = {isa = PBXBuildFile; fileRef = 34F6D28A2126759A00C84CE6 /* NetworkManager.swift */; };
		34F6D28D2126899900C84CE6 /* KMBClientModel.swift in Sources */ = {isa = PBXBuildFile; fileRef = 34F6D28C2126899900C84CE6 /* KMBClientModel.swift */; };
		34F6D294212694A400C84CE6 /* KivawsLoanClientModel.swift in Sources */ = {isa = PBXBuildFile; fileRef = 34F6D293212694A400C84CE6 /* KivawsLoanClientModel.swift */; };
		34F6D298212697A300C84CE6 /* FreeAppParserModel.swift in Sources */ = {isa = PBXBuildFile; fileRef = 34F6D297212697A300C84CE6 /* FreeAppParserModel.swift */; };
		34F6D29D2126D3FF00C84CE6 /* ETATableViewCell.swift in Sources */ = {isa = PBXBuildFile; fileRef = 34F6D29C2126D3FF00C84CE6 /* ETATableViewCell.swift */; };
		34F6D29F2126D8F700C84CE6 /* KMBStopsInformationTableViewController.swift in Sources */ = {isa = PBXBuildFile; fileRef = 34F6D29E2126D8F700C84CE6 /* KMBStopsInformationTableViewController.swift */; };
		6B4C38032118A31A00D5320A /* AppDelegate.swift in Sources */ = {isa = PBXBuildFile; fileRef = 6B4C38022118A31A00D5320A /* AppDelegate.swift */; };
		6B4C380A2118A31D00D5320A /* Assets.xcassets in Resources */ = {isa = PBXBuildFile; fileRef = 6B4C38092118A31D00D5320A /* Assets.xcassets */; };
		6B4C380D2118A31D00D5320A /* LaunchScreen.storyboard in Resources */ = {isa = PBXBuildFile; fileRef = 6B4C380B2118A31D00D5320A /* LaunchScreen.storyboard */; };
		6B4C38152118A38600D5320A /* MenuTableViewController.swift in Sources */ = {isa = PBXBuildFile; fileRef = 6B4C38142118A38600D5320A /* MenuTableViewController.swift */; };
		6B4C381A2118A91F00D5320A /* Swift4JsonTableViewController.swift in Sources */ = {isa = PBXBuildFile; fileRef = 6B4C38192118A91F00D5320A /* Swift4JsonTableViewController.swift */; };
		6B7AC4FA2120530700590ED6 /* UIView.swift in Sources */ = {isa = PBXBuildFile; fileRef = 6B7AC4F92120530700590ED6 /* UIView.swift */; };
		6B7AC4FD2120534400590ED6 /* BluetoothReadWriteViewController.swift in Sources */ = {isa = PBXBuildFile; fileRef = 6B7AC4FC2120534400590ED6 /* BluetoothReadWriteViewController.swift */; };
		6B7AE3C221247C2F00365A65 /* kmbData.json in Resources */ = {isa = PBXBuildFile; fileRef = 6B7AE3C121247C2F00365A65 /* kmbData.json */; };
		6B7AE3C421247D3600365A65 /* KMBData.swift in Sources */ = {isa = PBXBuildFile; fileRef = 6B7AE3C321247D3600365A65 /* KMBData.swift */; };
		6B7AE3C62124807200365A65 /* KMBETAClient.swift in Sources */ = {isa = PBXBuildFile; fileRef = 6B7AE3C52124807200365A65 /* KMBETAClient.swift */; };
		6B95898721231EBC0058CF74 /* WhatsappApiViewController.swift in Sources */ = {isa = PBXBuildFile; fileRef = 6B95898621231EBC0058CF74 /* WhatsappApiViewController.swift */; };
		6B95898C21232C690058CF74 /* KLViewController.swift in Sources */ = {isa = PBXBuildFile; fileRef = 6B95898B21232C690058CF74 /* KLViewController.swift */; };
		6B95898F21233B8B0058CF74 /* RSSParseViewController.swift in Sources */ = {isa = PBXBuildFile; fileRef = 6B95898E21233B8B0058CF74 /* RSSParseViewController.swift */; };
		6BA47DE12145332A004CE427 /* DateHelper.swift in Sources */ = {isa = PBXBuildFile; fileRef = 6BA47DE02145332A004CE427 /* DateHelper.swift */; };
		6BA52664214172F8008354D8 /* iOSMessageManager.swift in Sources */ = {isa = PBXBuildFile; fileRef = 6BA52662214172F8008354D8 /* iOSMessageManager.swift */; };
		6BA52665214172F8008354D8 /* SharingManager.swift in Sources */ = {isa = PBXBuildFile; fileRef = 6BA52663214172F8008354D8 /* SharingManager.swift */; };
		6BA52669214176A8008354D8 /* VersionManager.swift in Sources */ = {isa = PBXBuildFile; fileRef = 6BA52668214176A8008354D8 /* VersionManager.swift */; };
/* End PBXBuildFile section */

/* Begin PBXFileReference section */
		340E07812135104A0029D8E2 /* CircleProgressViewController.swift */ = {isa = PBXFileReference; lastKnownFileType = sourcecode.swift; path = CircleProgressViewController.swift; sourceTree = "<group>"; };
		340E078321365C510029D8E2 /* UIColor.swift */ = {isa = PBXFileReference; lastKnownFileType = sourcecode.swift; path = UIColor.swift; sourceTree = "<group>"; };
		340E07862136645B0029D8E2 /* MagicalGridViewController.swift */ = {isa = PBXFileReference; lastKnownFileType = sourcecode.swift; path = MagicalGridViewController.swift; sourceTree = "<group>"; };
		340E078C213691830029D8E2 /* AnimationViewTableViewController.swift */ = {isa = PBXFileReference; lastKnownFileType = sourcecode.swift; path = AnimationViewTableViewController.swift; sourceTree = "<group>"; };
		340E078F213692600029D8E2 /* ShimmerTableViewCell.swift */ = {isa = PBXFileReference; lastKnownFileType = sourcecode.swift; path = ShimmerTableViewCell.swift; sourceTree = "<group>"; tabWidth = 5; };
		340E0791213697770029D8E2 /* NoneSelectionStyleTableViewCell.swift */ = {isa = PBXFileReference; lastKnownFileType = sourcecode.swift; path = NoneSelectionStyleTableViewCell.swift; sourceTree = "<group>"; };
		340E07942136A49E0029D8E2 /* GenericTableViewController.swift */ = {isa = PBXFileReference; lastKnownFileType = sourcecode.swift; path = GenericTableViewController.swift; sourceTree = "<group>"; };
		3437D1D9214B6F170073BD9A /* SpeechRecognitionViewController.swift */ = {isa = PBXFileReference; lastKnownFileType = sourcecode.swift; path = SpeechRecognitionViewController.swift; sourceTree = "<group>"; };
		34390B2C2138E414005F7503 /* ValidatorManager.swift */ = {isa = PBXFileReference; lastKnownFileType = sourcecode.swift; path = ValidatorManager.swift; sourceTree = "<group>"; };
		34390B332138EFB3005F7503 /* AnimationButtonCollectionViewController.swift */ = {isa = PBXFileReference; lastKnownFileType = sourcecode.swift; path = AnimationButtonCollectionViewController.swift; sourceTree = "<group>"; };
		34390B372138F778005F7503 /* KLCollectionViewController.swift */ = {isa = PBXFileReference; lastKnownFileType = sourcecode.swift; path = KLCollectionViewController.swift; sourceTree = "<group>"; };
		34390B3A2138F90D005F7503 /* AnimatedButtonCell.swift */ = {isa = PBXFileReference; lastKnownFileType = sourcecode.swift; path = AnimatedButtonCell.swift; sourceTree = "<group>"; };
		34390B4321390E18005F7503 /* KLAnimatableProtocol.swift */ = {isa = PBXFileReference; lastKnownFileType = sourcecode.swift; path = KLAnimatableProtocol.swift; sourceTree = "<group>"; };
		34390B4721392C4A005F7503 /* ActivityIndicatorCollectionViewController.swift */ = {isa = PBXFileReference; lastKnownFileType = sourcecode.swift; path = ActivityIndicatorCollectionViewController.swift; sourceTree = "<group>"; };
		34390B4921392CAE005F7503 /* KLActivityIndicatorShape.swift */ = {isa = PBXFileReference; lastKnownFileType = sourcecode.swift; path = KLActivityIndicatorShape.swift; sourceTree = "<group>"; };
		34390B4C21393041005F7503 /* ActivityIndicatorCollectionViewCell.swift */ = {isa = PBXFileReference; lastKnownFileType = sourcecode.swift; path = ActivityIndicatorCollectionViewCell.swift; sourceTree = "<group>"; };
		34390B52213935A7005F7503 /* KLActivityIndicatorAnimationDelegate.swift */ = {isa = PBXFileReference; lastKnownFileType = sourcecode.swift; path = KLActivityIndicatorAnimationDelegate.swift; sourceTree = "<group>"; };
		34390B542139372F005F7503 /* KLActivityIndicatorType.swift */ = {isa = PBXFileReference; lastKnownFileType = sourcecode.swift; path = KLActivityIndicatorType.swift; sourceTree = "<group>"; };
		343B1D9D211C4116004E7E42 /* LoginTableViewController.swift */ = {isa = PBXFileReference; lastKnownFileType = sourcecode.swift; path = LoginTableViewController.swift; sourceTree = "<group>"; };
		343B1DA0211C416B004E7E42 /* LoginTableViewCell.swift */ = {isa = PBXFileReference; lastKnownFileType = sourcecode.swift; path = LoginTableViewCell.swift; sourceTree = "<group>"; };
		34645FB421227D7E00D3D59D /* PaddingTextField.swift */ = {isa = PBXFileReference; lastKnownFileType = sourcecode.swift; path = PaddingTextField.swift; sourceTree = "<group>"; };
		34645FB7212290B900D3D59D /* MessageUiViewController.swift */ = {isa = PBXFileReference; lastKnownFileType = sourcecode.swift; path = MessageUiViewController.swift; sourceTree = "<group>"; };
		34645FC12122D43800D3D59D /* KMBSearchViewController.swift */ = {isa = PBXFileReference; lastKnownFileType = sourcecode.swift; path = KMBSearchViewController.swift; sourceTree = "<group>"; };
		34645FC32123C82100D3D59D /* FreeAppParser.swift */ = {isa = PBXFileReference; lastKnownFileType = sourcecode.swift; path = FreeAppParser.swift; sourceTree = "<group>"; };
		34645FC52123CE5700D3D59D /* KMBClient.swift */ = {isa = PBXFileReference; lastKnownFileType = sourcecode.swift; path = KMBClient.swift; sourceTree = "<group>"; };
		34645FCB2123D2DA00D3D59D /* KivawsLoanClient.swift */ = {isa = PBXFileReference; lastKnownFileType = sourcecode.swift; path = KivawsLoanClient.swift; sourceTree = "<group>"; };
		34645FCD2123DE4200D3D59D /* KLTableViewController.swift */ = {isa = PBXFileReference; lastKnownFileType = sourcecode.swift; path = KLTableViewController.swift; sourceTree = "<group>"; };
		34645FD02123DF0B00D3D59D /* FreeAppCell.swift */ = {isa = PBXFileReference; lastKnownFileType = sourcecode.swift; path = FreeAppCell.swift; sourceTree = "<group>"; };
		34645FD22123E99A00D3D59D /* WhatsappClient.swift */ = {isa = PBXFileReference; lastKnownFileType = sourcecode.swift; path = WhatsappClient.swift; sourceTree = "<group>"; };
		34645FD42123EFA400D3D59D /* String.swift */ = {isa = PBXFileReference; lastKnownFileType = sourcecode.swift; path = String.swift; sourceTree = "<group>"; };
		34645FD721242D9100D3D59D /* KMBDataManager.swift */ = {isa = PBXFileReference; lastKnownFileType = sourcecode.swift; path = KMBDataManager.swift; sourceTree = "<group>"; };
		3466314F217D72EE00BA222D /* KLCustomTableViewController.swift */ = {isa = PBXFileReference; fileEncoding = 4; lastKnownFileType = sourcecode.swift; path = KLCustomTableViewController.swift; sourceTree = "<group>"; };
		346D2FF32167440F0071AF7D /* KLImagePageViewController.swift */ = {isa = PBXFileReference; lastKnownFileType = sourcecode.swift; path = KLImagePageViewController.swift; sourceTree = "<group>"; };
		346D2FF52167455E0071AF7D /* KLImageViewController.swift */ = {isa = PBXFileReference; lastKnownFileType = sourcecode.swift; path = KLImageViewController.swift; sourceTree = "<group>"; };
		3478C43921193A73009F2240 /* Layoutable.swift */ = {isa = PBXFileReference; lastKnownFileType = sourcecode.swift; path = Layoutable.swift; sourceTree = "<group>"; };
		3478C43C21195BE1009F2240 /* Swift4JsonTableViewCell.swift */ = {isa = PBXFileReference; lastKnownFileType = sourcecode.swift; path = Swift4JsonTableViewCell.swift; sourceTree = "<group>"; };
		3478C44021195D26009F2240 /* UITableView.swift */ = {isa = PBXFileReference; lastKnownFileType = sourcecode.swift; path = UITableView.swift; sourceTree = "<group>"; };
		3478C44321195E7F009F2240 /* CircleImageView.swift */ = {isa = PBXFileReference; lastKnownFileType = sourcecode.swift; path = CircleImageView.swift; sourceTree = "<group>"; };
		3478C48E211996AC009F2240 /* NSLayoutConstraint.swift */ = {isa = PBXFileReference; lastKnownFileType = sourcecode.swift; path = NSLayoutConstraint.swift; sourceTree = "<group>"; };
		3478C49021199873009F2240 /* LoadingOverlay.swift */ = {isa = PBXFileReference; lastKnownFileType = sourcecode.swift; path = LoadingOverlay.swift; sourceTree = "<group>"; };
		3478C492211A86E7009F2240 /* HomeViewController.swift */ = {isa = PBXFileReference; lastKnownFileType = sourcecode.swift; path = HomeViewController.swift; sourceTree = "<group>"; };
		3478C496211A9F57009F2240 /* LargeTitleTableViewCell.swift */ = {isa = PBXFileReference; lastKnownFileType = sourcecode.swift; path = LargeTitleTableViewCell.swift; sourceTree = "<group>"; };
		3478C49A211AD1F0009F2240 /* ChatUITableViewController.swift */ = {isa = PBXFileReference; lastKnownFileType = sourcecode.swift; path = ChatUITableViewController.swift; sourceTree = "<group>"; };
		3478C49D211AD2E6009F2240 /* LeftBubbleTableViewCell.swift */ = {isa = PBXFileReference; lastKnownFileType = sourcecode.swift; path = LeftBubbleTableViewCell.swift; sourceTree = "<group>"; };
		3478C49F211AD9AF009F2240 /* BaseBubbleTableViewCell.swift */ = {isa = PBXFileReference; lastKnownFileType = sourcecode.swift; path = BaseBubbleTableViewCell.swift; sourceTree = "<group>"; };
		3478C4A1211ADC76009F2240 /* RightBubbleTableViewCell.swift */ = {isa = PBXFileReference; lastKnownFileType = sourcecode.swift; path = RightBubbleTableViewCell.swift; sourceTree = "<group>"; };
		3478C4A5211AF64B009F2240 /* NotificationObserverViewController.swift */ = {isa = PBXFileReference; lastKnownFileType = sourcecode.swift; path = NotificationObserverViewController.swift; sourceTree = "<group>"; };
		3479FF5F216F05D10076F53C /* SCNVector3+Extensions.swift */ = {isa = PBXFileReference; fileEncoding = 4; lastKnownFileType = sourcecode.swift; path = "SCNVector3+Extensions.swift"; sourceTree = "<group>"; };
		3479FF60216F05D10076F53C /* SceneLocationEstimate.swift */ = {isa = PBXFileReference; fileEncoding = 4; lastKnownFileType = sourcecode.swift; path = SceneLocationEstimate.swift; sourceTree = "<group>"; };
		3479FF61216F05D10076F53C /* SceneLocationEstimate+Extensions.swift */ = {isa = PBXFileReference; fileEncoding = 4; lastKnownFileType = sourcecode.swift; path = "SceneLocationEstimate+Extensions.swift"; sourceTree = "<group>"; };
		3479FF62216F05D10076F53C /* FloatingPoint+Radians.swift */ = {isa = PBXFileReference; fileEncoding = 4; lastKnownFileType = sourcecode.swift; path = "FloatingPoint+Radians.swift"; sourceTree = "<group>"; };
		3479FF63216F05D10076F53C /* LocationNode.swift */ = {isa = PBXFileReference; fileEncoding = 4; lastKnownFileType = sourcecode.swift; path = LocationNode.swift; sourceTree = "<group>"; };
		3479FF64216F05D10076F53C /* CGPoint+Extensions.swift */ = {isa = PBXFileReference; fileEncoding = 4; lastKnownFileType = sourcecode.swift; path = "CGPoint+Extensions.swift"; sourceTree = "<group>"; };
		3479FF65216F05D10076F53C /* CLLocation+Extensions.swift */ = {isa = PBXFileReference; fileEncoding = 4; lastKnownFileType = sourcecode.swift; path = "CLLocation+Extensions.swift"; sourceTree = "<group>"; };
		3479FF66216F05D10076F53C /* SceneLocationView.swift */ = {isa = PBXFileReference; fileEncoding = 4; lastKnownFileType = sourcecode.swift; path = SceneLocationView.swift; sourceTree = "<group>"; };
		3479FF67216F05D10076F53C /* LocationManager.swift */ = {isa = PBXFileReference; fileEncoding = 4; lastKnownFileType = sourcecode.swift; path = LocationManager.swift; sourceTree = "<group>"; };
		3479FF68216F05D10076F53C /* SCNNode+Extensions.swift */ = {isa = PBXFileReference; fileEncoding = 4; lastKnownFileType = sourcecode.swift; path = "SCNNode+Extensions.swift"; sourceTree = "<group>"; };
		347DAE5F2167325500BEAD34 /* ImageCollectionViewCell.swift */ = {isa = PBXFileReference; lastKnownFileType = sourcecode.swift; path = ImageCollectionViewCell.swift; sourceTree = "<group>"; };
		34B7FFF12140D109009F25D8 /* ScreenSizeManager.swift */ = {isa = PBXFileReference; lastKnownFileType = sourcecode.swift; path = ScreenSizeManager.swift; sourceTree = "<group>"; };
		34B7FFF32140D1A4009F25D8 /* KLAlertViewManager.swift */ = {isa = PBXFileReference; lastKnownFileType = sourcecode.swift; path = KLAlertViewManager.swift; sourceTree = "<group>"; };
		34B7FFF52140E7AF009F25D8 /* MenuManager.swift */ = {isa = PBXFileReference; lastKnownFileType = sourcecode.swift; path = MenuManager.swift; sourceTree = "<group>"; };
		34B7FFF82140F3EE009F25D8 /* PopUpViewController.swift */ = {isa = PBXFileReference; lastKnownFileType = sourcecode.swift; path = PopUpViewController.swift; sourceTree = "<group>"; };
		34B7FFFB2140F4BC009F25D8 /* PopUpCollectionViewCell.swift */ = {isa = PBXFileReference; lastKnownFileType = sourcecode.swift; path = PopUpCollectionViewCell.swift; sourceTree = "<group>"; };
		34BAC635216DE365003AD55A /* ARKitTapToAddViewController.swift */ = {isa = PBXFileReference; lastKnownFileType = sourcecode.swift; path = ARKitTapToAddViewController.swift; sourceTree = "<group>"; };
		34BAC638216DE455003AD55A /* ship.scn */ = {isa = PBXFileReference; lastKnownFileType = file.bplist; path = ship.scn; sourceTree = "<group>"; };
		34BAC63C216DE8AD003AD55A /* ship.png */ = {isa = PBXFileReference; lastKnownFileType = image.png; path = ship.png; sourceTree = "<group>"; };
		34BAC640216E01A0003AD55A /* ARKitGeogAddViewController.swift */ = {isa = PBXFileReference; lastKnownFileType = sourcecode.swift; path = ARKitGeogAddViewController.swift; sourceTree = "<group>"; };
		34E168502140FA9900522628 /* KLPickerViewController.swift */ = {isa = PBXFileReference; lastKnownFileType = sourcecode.swift; path = KLPickerViewController.swift; sourceTree = "<group>"; };
		34E168522140FB0400522628 /* BottomCardViewController.swift */ = {isa = PBXFileReference; lastKnownFileType = sourcecode.swift; path = BottomCardViewController.swift; sourceTree = "<group>"; };
		34E1685421411BA600522628 /* PaperSwitch.swift */ = {isa = PBXFileReference; lastKnownFileType = sourcecode.swift; path = PaperSwitch.swift; sourceTree = "<group>"; };
		34E168572142331A00522628 /* PagingCollectionViewController.swift */ = {isa = PBXFileReference; lastKnownFileType = sourcecode.swift; path = PagingCollectionViewController.swift; sourceTree = "<group>"; };
		34E168592142442300522628 /* PagingViewController.swift */ = {isa = PBXFileReference; lastKnownFileType = sourcecode.swift; path = PagingViewController.swift; sourceTree = "<group>"; };
		34F6D28A2126759A00C84CE6 /* NetworkManager.swift */ = {isa = PBXFileReference; lastKnownFileType = sourcecode.swift; path = NetworkManager.swift; sourceTree = "<group>"; };
		34F6D28C2126899900C84CE6 /* KMBClientModel.swift */ = {isa = PBXFileReference; lastKnownFileType = sourcecode.swift; path = KMBClientModel.swift; sourceTree = "<group>"; };
		34F6D293212694A400C84CE6 /* KivawsLoanClientModel.swift */ = {isa = PBXFileReference; lastKnownFileType = sourcecode.swift; path = KivawsLoanClientModel.swift; sourceTree = "<group>"; };
		34F6D297212697A300C84CE6 /* FreeAppParserModel.swift */ = {isa = PBXFileReference; lastKnownFileType = sourcecode.swift; path = FreeAppParserModel.swift; sourceTree = "<group>"; };
		34F6D29C2126D3FF00C84CE6 /* ETATableViewCell.swift */ = {isa = PBXFileReference; lastKnownFileType = sourcecode.swift; path = ETATableViewCell.swift; sourceTree = "<group>"; };
		34F6D29E2126D8F700C84CE6 /* KMBStopsInformationTableViewController.swift */ = {isa = PBXFileReference; fileEncoding = 4; lastKnownFileType = sourcecode.swift; path = KMBStopsInformationTableViewController.swift; sourceTree = "<group>"; };
		6B4C37FF2118A31A00D5320A /* iOS Practice.app */ = {isa = PBXFileReference; explicitFileType = wrapper.application; includeInIndex = 0; path = "iOS Practice.app"; sourceTree = BUILT_PRODUCTS_DIR; };
		6B4C38022118A31A00D5320A /* AppDelegate.swift */ = {isa = PBXFileReference; lastKnownFileType = sourcecode.swift; path = AppDelegate.swift; sourceTree = "<group>"; };
		6B4C38092118A31D00D5320A /* Assets.xcassets */ = {isa = PBXFileReference; lastKnownFileType = folder.assetcatalog; path = Assets.xcassets; sourceTree = "<group>"; };
		6B4C380C2118A31D00D5320A /* Base */ = {isa = PBXFileReference; lastKnownFileType = file.storyboard; name = Base; path = Base.lproj/LaunchScreen.storyboard; sourceTree = "<group>"; };
		6B4C380E2118A31D00D5320A /* Info.plist */ = {isa = PBXFileReference; lastKnownFileType = text.plist.xml; path = Info.plist; sourceTree = "<group>"; };
		6B4C38142118A38600D5320A /* MenuTableViewController.swift */ = {isa = PBXFileReference; lastKnownFileType = sourcecode.swift; path = MenuTableViewController.swift; sourceTree = "<group>"; };
		6B4C38192118A91F00D5320A /* Swift4JsonTableViewController.swift */ = {isa = PBXFileReference; lastKnownFileType = sourcecode.swift; path = Swift4JsonTableViewController.swift; sourceTree = "<group>"; };
		6B7AC4F92120530700590ED6 /* UIView.swift */ = {isa = PBXFileReference; fileEncoding = 4; lastKnownFileType = sourcecode.swift; path = UIView.swift; sourceTree = "<group>"; };
		6B7AC4FC2120534400590ED6 /* BluetoothReadWriteViewController.swift */ = {isa = PBXFileReference; lastKnownFileType = sourcecode.swift; path = BluetoothReadWriteViewController.swift; sourceTree = "<group>"; };
		6B7AE3C121247C2F00365A65 /* kmbData.json */ = {isa = PBXFileReference; fileEncoding = 4; lastKnownFileType = text.json; path = kmbData.json; sourceTree = "<group>"; };
		6B7AE3C321247D3600365A65 /* KMBData.swift */ = {isa = PBXFileReference; lastKnownFileType = sourcecode.swift; path = KMBData.swift; sourceTree = "<group>"; };
		6B7AE3C52124807200365A65 /* KMBETAClient.swift */ = {isa = PBXFileReference; lastKnownFileType = sourcecode.swift; path = KMBETAClient.swift; sourceTree = "<group>"; };
		6B95898621231EBC0058CF74 /* WhatsappApiViewController.swift */ = {isa = PBXFileReference; lastKnownFileType = sourcecode.swift; path = WhatsappApiViewController.swift; sourceTree = "<group>"; };
		6B95898B21232C690058CF74 /* KLViewController.swift */ = {isa = PBXFileReference; lastKnownFileType = sourcecode.swift; path = KLViewController.swift; sourceTree = "<group>"; };
		6B95898E21233B8B0058CF74 /* RSSParseViewController.swift */ = {isa = PBXFileReference; lastKnownFileType = sourcecode.swift; path = RSSParseViewController.swift; sourceTree = "<group>"; };
		6BA47DE02145332A004CE427 /* DateHelper.swift */ = {isa = PBXFileReference; fileEncoding = 4; lastKnownFileType = sourcecode.swift; path = DateHelper.swift; sourceTree = "<group>"; };
		6BA52662214172F8008354D8 /* iOSMessageManager.swift */ = {isa = PBXFileReference; fileEncoding = 4; lastKnownFileType = sourcecode.swift; path = iOSMessageManager.swift; sourceTree = "<group>"; };
		6BA52663214172F8008354D8 /* SharingManager.swift */ = {isa = PBXFileReference; fileEncoding = 4; lastKnownFileType = sourcecode.swift; path = SharingManager.swift; sourceTree = "<group>"; };
		6BA52668214176A8008354D8 /* VersionManager.swift */ = {isa = PBXFileReference; fileEncoding = 4; lastKnownFileType = sourcecode.swift; path = VersionManager.swift; sourceTree = "<group>"; };
/* End PBXFileReference section */

/* Begin PBXFrameworksBuildPhase section */
		6B4C37FC2118A31A00D5320A /* Frameworks */ = {
			isa = PBXFrameworksBuildPhase;
			buildActionMask = 2147483647;
			files = (
			);
			runOnlyForDeploymentPostprocessing = 0;
		};
/* End PBXFrameworksBuildPhase section */

/* Begin PBXGroup section */
		340E0780213510220029D8E2 /* Circle Progress View */ = {
			isa = PBXGroup;
			children = (
				340E07812135104A0029D8E2 /* CircleProgressViewController.swift */,
			);
			path = "Circle Progress View";
			sourceTree = "<group>";
		};
		340E0785213664420029D8E2 /* Magical Grid */ = {
			isa = PBXGroup;
			children = (
				340E07862136645B0029D8E2 /* MagicalGridViewController.swift */,
			);
			path = "Magical Grid";
			sourceTree = "<group>";
		};
		340E078B213691550029D8E2 /* Animation View */ = {
			isa = PBXGroup;
			children = (
				340E078E213691F30029D8E2 /* views */,
				340E078C213691830029D8E2 /* AnimationViewTableViewController.swift */,
			);
			path = "Animation View";
			sourceTree = "<group>";
		};
		340E078E213691F30029D8E2 /* views */ = {
			isa = PBXGroup;
			children = (
				340E078F213692600029D8E2 /* ShimmerTableViewCell.swift */,
				340E0791213697770029D8E2 /* NoneSelectionStyleTableViewCell.swift */,
			);
			path = views;
			sourceTree = "<group>";
		};
		340E07932136A47F0029D8E2 /* Generic */ = {
			isa = PBXGroup;
			children = (
				340E07942136A49E0029D8E2 /* GenericTableViewController.swift */,
			);
			path = Generic;
			sourceTree = "<group>";
		};
		341E9CC3211BE0A500031E55 /* Reuseable View */ = {
			isa = PBXGroup;
			children = (
				343B1D9C211C40F5004E7E42 /* Base Login */,
			);
			path = "Reuseable View";
			sourceTree = "<group>";
		};
		3437D1D8214B6EF20073BD9A /* Speech Recognition */ = {
			isa = PBXGroup;
			children = (
				3437D1D9214B6F170073BD9A /* SpeechRecognitionViewController.swift */,
			);
			path = "Speech Recognition";
			sourceTree = "<group>";
		};
		34390B322138EF99005F7503 /* Animation Button */ = {
			isa = PBXGroup;
			children = (
				34390B392138F8B5005F7503 /* views */,
				34390B332138EFB3005F7503 /* AnimationButtonCollectionViewController.swift */,
			);
			path = "Animation Button";
			sourceTree = "<group>";
		};
		34390B392138F8B5005F7503 /* views */ = {
			isa = PBXGroup;
			children = (
				34390B3A2138F90D005F7503 /* AnimatedButtonCell.swift */,
			);
			path = views;
			sourceTree = "<group>";
		};
		34390B4221390E03005F7503 /* Protocol */ = {
			isa = PBXGroup;
			children = (
				34390B4321390E18005F7503 /* KLAnimatableProtocol.swift */,
			);
			path = Protocol;
			sourceTree = "<group>";
		};
		34390B4621392C36005F7503 /* Activity Indicator */ = {
			isa = PBXGroup;
			children = (
				34390B4E21393046005F7503 /* views */,
				34390B4721392C4A005F7503 /* ActivityIndicatorCollectionViewController.swift */,
			);
			path = "Activity Indicator";
			sourceTree = "<group>";
		};
		34390B4B21392CBE005F7503 /* KLActivityIndicator */ = {
			isa = PBXGroup;
			children = (
				34390B4921392CAE005F7503 /* KLActivityIndicatorShape.swift */,
				34390B52213935A7005F7503 /* KLActivityIndicatorAnimationDelegate.swift */,
				34390B542139372F005F7503 /* KLActivityIndicatorType.swift */,
			);
			path = KLActivityIndicator;
			sourceTree = "<group>";
		};
		34390B4E21393046005F7503 /* views */ = {
			isa = PBXGroup;
			children = (
				34390B4C21393041005F7503 /* ActivityIndicatorCollectionViewCell.swift */,
			);
			path = views;
			sourceTree = "<group>";
		};
		343B1D9C211C40F5004E7E42 /* Base Login */ = {
			isa = PBXGroup;
			children = (
				343B1D9F211C4155004E7E42 /* views */,
				343B1D9D211C4116004E7E42 /* LoginTableViewController.swift */,
			);
			path = "Base Login";
			sourceTree = "<group>";
		};
		343B1D9F211C4155004E7E42 /* views */ = {
			isa = PBXGroup;
			children = (
				343B1DA0211C416B004E7E42 /* LoginTableViewCell.swift */,
			);
			path = views;
			sourceTree = "<group>";
		};
		34645FB62122909000D3D59D /* Message UI */ = {
			isa = PBXGroup;
			children = (
				34645FB7212290B900D3D59D /* MessageUiViewController.swift */,
			);
			path = "Message UI";
			sourceTree = "<group>";
		};
		34645FC02122D41F00D3D59D /* KMB Data */ = {
			isa = PBXGroup;
			children = (
				34F6D2992126C64C00C84CE6 /* Controller */,
				34F6D285212670D400C84CE6 /* View */,
				34F6D28421266A0400C84CE6 /* Model */,
				6B7AE3C121247C2F00365A65 /* kmbData.json */,
				34645FD721242D9100D3D59D /* KMBDataManager.swift */,
				34F6D28F2126937B00C84CE6 /* KMB ETA Client */,
				34F6D28E212689E300C84CE6 /* KMB Client */,
			);
			path = "KMB Data";
			sourceTree = "<group>";
		};
		34645FCF2123DEFB00D3D59D /* views */ = {
			isa = PBXGroup;
			children = (
				34645FD02123DF0B00D3D59D /* FreeAppCell.swift */,
			);
			path = views;
			sourceTree = "<group>";
		};
		34663151217D72FA00BA222D /* Table View Controller */ = {
			isa = PBXGroup;
			children = (
				3466314F217D72EE00BA222D /* KLCustomTableViewController.swift */,
				34645FCD2123DE4200D3D59D /* KLTableViewController.swift */,
			);
			path = "Table View Controller";
			sourceTree = "<group>";
		};
		346D2FF7216751B10071AF7D /* Page Scrolling Controller */ = {
			isa = PBXGroup;
			children = (
				346D2FF52167455E0071AF7D /* KLImageViewController.swift */,
				346D2FF32167440F0071AF7D /* KLImagePageViewController.swift */,
			);
			path = "Page Scrolling Controller";
			sourceTree = "<group>";
		};
		3478C43721193A46009F2240 /* Library */ = {
			isa = PBXGroup;
			children = (
				6BA47DDF2145332A004CE427 /* Helper */,
				34390B4B21392CBE005F7503 /* KLActivityIndicator */,
				34390B4221390E03005F7503 /* Protocol */,
				340E07932136A47F0029D8E2 /* Generic */,
				34F6D2882126755800C84CE6 /* Manager */,
				6B95898A21232C5B0058CF74 /* Controller */,
				3478C44221195E64009F2240 /* View */,
				3478C43821193A62009F2240 /* Extension */,
			);
			path = Library;
			sourceTree = "<group>";
		};
		3478C43821193A62009F2240 /* Extension */ = {
			isa = PBXGroup;
			children = (
				6B7AC4F92120530700590ED6 /* UIView.swift */,
				3478C43921193A73009F2240 /* Layoutable.swift */,
				3478C44021195D26009F2240 /* UITableView.swift */,
				3478C48E211996AC009F2240 /* NSLayoutConstraint.swift */,
				34645FD42123EFA400D3D59D /* String.swift */,
				340E078321365C510029D8E2 /* UIColor.swift */,
			);
			path = Extension;
			sourceTree = "<group>";
		};
		3478C43B21195BC2009F2240 /* views */ = {
			isa = PBXGroup;
			children = (
				3478C43C21195BE1009F2240 /* Swift4JsonTableViewCell.swift */,
			);
			path = views;
			sourceTree = "<group>";
		};
		3478C44221195E64009F2240 /* View */ = {
			isa = PBXGroup;
			children = (
				3478C44321195E7F009F2240 /* CircleImageView.swift */,
				3478C49021199873009F2240 /* LoadingOverlay.swift */,
				3478C496211A9F57009F2240 /* LargeTitleTableViewCell.swift */,
				34645FB421227D7E00D3D59D /* PaddingTextField.swift */,
				34E1685421411BA600522628 /* PaperSwitch.swift */,
			);
			path = View;
			sourceTree = "<group>";
		};
		3478C499211AD1BE009F2240 /* Chat UI */ = {
			isa = PBXGroup;
			children = (
				3478C49C211AD2D0009F2240 /* views */,
				3478C49A211AD1F0009F2240 /* ChatUITableViewController.swift */,
			);
			path = "Chat UI";
			sourceTree = "<group>";
		};
		3478C49C211AD2D0009F2240 /* views */ = {
			isa = PBXGroup;
			children = (
				3478C49F211AD9AF009F2240 /* BaseBubbleTableViewCell.swift */,
				3478C49D211AD2E6009F2240 /* LeftBubbleTableViewCell.swift */,
				3478C4A1211ADC76009F2240 /* RightBubbleTableViewCell.swift */,
			);
			path = views;
			sourceTree = "<group>";
		};
		3478C4A4211AF61D009F2240 /* Input Observer */ = {
			isa = PBXGroup;
			children = (
				3478C4A5211AF64B009F2240 /* NotificationObserverViewController.swift */,
			);
			path = "Input Observer";
			sourceTree = "<group>";
		};
		3479FF5E216F05D10076F53C /* Source */ = {
			isa = PBXGroup;
			children = (
				3479FF5F216F05D10076F53C /* SCNVector3+Extensions.swift */,
				3479FF60216F05D10076F53C /* SceneLocationEstimate.swift */,
				3479FF61216F05D10076F53C /* SceneLocationEstimate+Extensions.swift */,
				3479FF62216F05D10076F53C /* FloatingPoint+Radians.swift */,
				3479FF63216F05D10076F53C /* LocationNode.swift */,
				3479FF64216F05D10076F53C /* CGPoint+Extensions.swift */,
				3479FF65216F05D10076F53C /* CLLocation+Extensions.swift */,
				3479FF66216F05D10076F53C /* SceneLocationView.swift */,
				3479FF67216F05D10076F53C /* LocationManager.swift */,
				3479FF68216F05D10076F53C /* SCNNode+Extensions.swift */,
			);
			path = Source;
			sourceTree = "<group>";
		};
		347DAE5E2167322300BEAD34 /* views */ = {
			isa = PBXGroup;
			children = (
				347DAE5F2167325500BEAD34 /* ImageCollectionViewCell.swift */,
			);
			path = views;
			sourceTree = "<group>";
		};
		34B7FFF72140F3DA009F25D8 /* Pop Up View */ = {
			isa = PBXGroup;
			children = (
				34B7FFFA2140F4A7009F25D8 /* views */,
				34B7FFF82140F3EE009F25D8 /* PopUpViewController.swift */,
			);
			path = "Pop Up View";
			sourceTree = "<group>";
		};
		34B7FFFA2140F4A7009F25D8 /* views */ = {
			isa = PBXGroup;
			children = (
				34B7FFFB2140F4BC009F25D8 /* PopUpCollectionViewCell.swift */,
			);
			path = views;
			sourceTree = "<group>";
		};
		34BAC634216DE34D003AD55A /* AR Kits */ = {
			isa = PBXGroup;
			children = (
				34BAC63F216E0161003AD55A /* GeogAdd */,
				34BAC63E216E0154003AD55A /* TapToAdd */,
				34BAC637216DE455003AD55A /* 3D Objects */,
			);
			path = "AR Kits";
			sourceTree = "<group>";
		};
		34BAC637216DE455003AD55A /* 3D Objects */ = {
			isa = PBXGroup;
			children = (
				34BAC638216DE455003AD55A /* ship.scn */,
				34BAC63C216DE8AD003AD55A /* ship.png */,
			);
			path = "3D Objects";
			sourceTree = "<group>";
		};
		34BAC63E216E0154003AD55A /* TapToAdd */ = {
			isa = PBXGroup;
			children = (
				34BAC635216DE365003AD55A /* ARKitTapToAddViewController.swift */,
			);
			path = TapToAdd;
			sourceTree = "<group>";
		};
		34BAC63F216E0161003AD55A /* GeogAdd */ = {
			isa = PBXGroup;
			children = (
				3479FF5E216F05D10076F53C /* Source */,
				34BAC640216E01A0003AD55A /* ARKitGeogAddViewController.swift */,
			);
			path = GeogAdd;
			sourceTree = "<group>";
		};
		34E16856214232F900522628 /* Collection View Paging */ = {
			isa = PBXGroup;
			children = (
				347DAE5E2167322300BEAD34 /* views */,
				34E168572142331A00522628 /* PagingCollectionViewController.swift */,
				34E168592142442300522628 /* PagingViewController.swift */,
			);
			path = "Collection View Paging";
			sourceTree = "<group>";
		};
		34F6D28421266A0400C84CE6 /* Model */ = {
			isa = PBXGroup;
			children = (
				6B7AE3C321247D3600365A65 /* KMBData.swift */,
			);
			path = Model;
			sourceTree = "<group>";
		};
		34F6D285212670D400C84CE6 /* View */ = {
			isa = PBXGroup;
			children = (
				34F6D29C2126D3FF00C84CE6 /* ETATableViewCell.swift */,
			);
			path = View;
			sourceTree = "<group>";
		};
		34F6D2882126755800C84CE6 /* Manager */ = {
			isa = PBXGroup;
			children = (
				6BA52662214172F8008354D8 /* iOSMessageManager.swift */,
				6BA52668214176A8008354D8 /* VersionManager.swift */,
				6BA52663214172F8008354D8 /* SharingManager.swift */,
				34F6D28A2126759A00C84CE6 /* NetworkManager.swift */,
				34390B2C2138E414005F7503 /* ValidatorManager.swift */,
				34B7FFF12140D109009F25D8 /* ScreenSizeManager.swift */,
				34B7FFF32140D1A4009F25D8 /* KLAlertViewManager.swift */,
			);
			path = Manager;
			sourceTree = "<group>";
		};
		34F6D28E212689E300C84CE6 /* KMB Client */ = {
			isa = PBXGroup;
			children = (
				34645FC52123CE5700D3D59D /* KMBClient.swift */,
				34F6D28C2126899900C84CE6 /* KMBClientModel.swift */,
			);
			path = "KMB Client";
			sourceTree = "<group>";
		};
		34F6D28F2126937B00C84CE6 /* KMB ETA Client */ = {
			isa = PBXGroup;
			children = (
				6B7AE3C52124807200365A65 /* KMBETAClient.swift */,
			);
			path = "KMB ETA Client";
			sourceTree = "<group>";
		};
		34F6D2922126947700C84CE6 /* Kivaws Loan */ = {
			isa = PBXGroup;
			children = (
				34645FCB2123D2DA00D3D59D /* KivawsLoanClient.swift */,
				34F6D293212694A400C84CE6 /* KivawsLoanClientModel.swift */,
			);
			path = "Kivaws Loan";
			sourceTree = "<group>";
		};
		34F6D2952126978700C84CE6 /* Client */ = {
			isa = PBXGroup;
			children = (
				34F6D2962126979000C84CE6 /* Model */,
				34645FC32123C82100D3D59D /* FreeAppParser.swift */,
			);
			path = Client;
			sourceTree = "<group>";
		};
		34F6D2962126979000C84CE6 /* Model */ = {
			isa = PBXGroup;
			children = (
				34F6D297212697A300C84CE6 /* FreeAppParserModel.swift */,
			);
			path = Model;
			sourceTree = "<group>";
		};
		34F6D2992126C64C00C84CE6 /* Controller */ = {
			isa = PBXGroup;
			children = (
				34F6D29E2126D8F700C84CE6 /* KMBStopsInformationTableViewController.swift */,
				34645FC12122D43800D3D59D /* KMBSearchViewController.swift */,
			);
			path = Controller;
			sourceTree = "<group>";
		};
		6B4C37F62118A31A00D5320A = {
			isa = PBXGroup;
			children = (
				6B4C38012118A31A00D5320A /* iOS Practice */,
				6B4C38002118A31A00D5320A /* Products */,
			);
			sourceTree = "<group>";
		};
		6B4C38002118A31A00D5320A /* Products */ = {
			isa = PBXGroup;
			children = (
				6B4C37FF2118A31A00D5320A /* iOS Practice.app */,
			);
			name = Products;
			sourceTree = "<group>";
		};
		6B4C38012118A31A00D5320A /* iOS Practice */ = {
			isa = PBXGroup;
			children = (
				3478C43721193A46009F2240 /* Library */,
				6B4C381B2118B0AE00D5320A /* Practice */,
				341E9CC3211BE0A500031E55 /* Reuseable View */,
				6B4C38022118A31A00D5320A /* AppDelegate.swift */,
				6B4C38162118A6FB00D5320A /* Home */,
				6B4C38092118A31D00D5320A /* Assets.xcassets */,
				6B4C380B2118A31D00D5320A /* LaunchScreen.storyboard */,
				6B4C380E2118A31D00D5320A /* Info.plist */,
			);
			path = "iOS Practice";
			sourceTree = "<group>";
		};
		6B4C38162118A6FB00D5320A /* Home */ = {
			isa = PBXGroup;
			children = (
				34B7FFF52140E7AF009F25D8 /* MenuManager.swift */,
				6B4C38142118A38600D5320A /* MenuTableViewController.swift */,
				3478C492211A86E7009F2240 /* HomeViewController.swift */,
			);
			path = Home;
			sourceTree = "<group>";
		};
		6B4C38182118A8EE00D5320A /* Swift4Json */ = {
			isa = PBXGroup;
			children = (
				34F6D2922126947700C84CE6 /* Kivaws Loan */,
				3478C43B21195BC2009F2240 /* views */,
				6B4C38192118A91F00D5320A /* Swift4JsonTableViewController.swift */,
			);
			path = Swift4Json;
			sourceTree = "<group>";
		};
		6B4C381B2118B0AE00D5320A /* Practice */ = {
			isa = PBXGroup;
			children = (
				34BAC634216DE34D003AD55A /* AR Kits */,
				3437D1D8214B6EF20073BD9A /* Speech Recognition */,
				34E16856214232F900522628 /* Collection View Paging */,
				34B7FFF72140F3DA009F25D8 /* Pop Up View */,
				34390B4621392C36005F7503 /* Activity Indicator */,
				34390B322138EF99005F7503 /* Animation Button */,
				340E078B213691550029D8E2 /* Animation View */,
				340E0785213664420029D8E2 /* Magical Grid */,
				340E0780213510220029D8E2 /* Circle Progress View */,
				6B95898D21233B640058CF74 /* RSS Parse */,
				6B95898521231E970058CF74 /* Whatsapp API */,
				34645FC02122D41F00D3D59D /* KMB Data */,
				34645FB62122909000D3D59D /* Message UI */,
				6B7AC4FB2120532C00590ED6 /* Bluetooth RW */,
				3478C4A4211AF61D009F2240 /* Input Observer */,
				3478C499211AD1BE009F2240 /* Chat UI */,
				6B4C38182118A8EE00D5320A /* Swift4Json */,
			);
			path = Practice;
			sourceTree = "<group>";
		};
		6B7AC4FB2120532C00590ED6 /* Bluetooth RW */ = {
			isa = PBXGroup;
			children = (
				6B7AC4FC2120534400590ED6 /* BluetoothReadWriteViewController.swift */,
			);
			path = "Bluetooth RW";
			sourceTree = "<group>";
		};
		6B95898521231E970058CF74 /* Whatsapp API */ = {
			isa = PBXGroup;
			children = (
				6B95898621231EBC0058CF74 /* WhatsappApiViewController.swift */,
				34645FD22123E99A00D3D59D /* WhatsappClient.swift */,
			);
			path = "Whatsapp API";
			sourceTree = "<group>";
		};
		6B95898A21232C5B0058CF74 /* Controller */ = {
			isa = PBXGroup;
			children = (
				34663151217D72FA00BA222D /* Table View Controller */,
				346D2FF7216751B10071AF7D /* Page Scrolling Controller */,
				6B95898B21232C690058CF74 /* KLViewController.swift */,
				34390B372138F778005F7503 /* KLCollectionViewController.swift */,
				34E168502140FA9900522628 /* KLPickerViewController.swift */,
				34E168522140FB0400522628 /* BottomCardViewController.swift */,
			);
			path = Controller;
			sourceTree = "<group>";
		};
		6B95898D21233B640058CF74 /* RSS Parse */ = {
			isa = PBXGroup;
			children = (
				34F6D2952126978700C84CE6 /* Client */,
				34645FCF2123DEFB00D3D59D /* views */,
				6B95898E21233B8B0058CF74 /* RSSParseViewController.swift */,
			);
			path = "RSS Parse";
			sourceTree = "<group>";
		};
		6BA47DDF2145332A004CE427 /* Helper */ = {
			isa = PBXGroup;
			children = (
				6BA47DE02145332A004CE427 /* DateHelper.swift */,
			);
			path = Helper;
			sourceTree = "<group>";
		};
/* End PBXGroup section */

/* Begin PBXNativeTarget section */
		6B4C37FE2118A31A00D5320A /* iOS Practice */ = {
			isa = PBXNativeTarget;
			buildConfigurationList = 6B4C38112118A31D00D5320A /* Build configuration list for PBXNativeTarget "iOS Practice" */;
			buildPhases = (
				6B4C37FB2118A31A00D5320A /* Sources */,
				6B4C37FC2118A31A00D5320A /* Frameworks */,
				6B4C37FD2118A31A00D5320A /* Resources */,
			);
			buildRules = (
			);
			dependencies = (
			);
			name = "iOS Practice";
			productName = "iOS Practice";
			productReference = 6B4C37FF2118A31A00D5320A /* iOS Practice.app */;
			productType = "com.apple.product-type.application";
		};
/* End PBXNativeTarget section */

/* Begin PBXProject section */
		6B4C37F72118A31A00D5320A /* Project object */ = {
			isa = PBXProject;
			attributes = {
				LastSwiftUpdateCheck = 0940;
				LastUpgradeCheck = 0940;
				ORGANIZATIONNAME = KL;
				TargetAttributes = {
					6B4C37FE2118A31A00D5320A = {
						CreatedOnToolsVersion = 9.4.1;
					};
				};
			};
			buildConfigurationList = 6B4C37FA2118A31A00D5320A /* Build configuration list for PBXProject "iOS Practice" */;
			compatibilityVersion = "Xcode 9.3";
			developmentRegion = en;
			hasScannedForEncodings = 0;
			knownRegions = (
				en,
				Base,
			);
			mainGroup = 6B4C37F62118A31A00D5320A;
			productRefGroup = 6B4C38002118A31A00D5320A /* Products */;
			projectDirPath = "";
			projectRoot = "";
			targets = (
				6B4C37FE2118A31A00D5320A /* iOS Practice */,
			);
		};
/* End PBXProject section */

/* Begin PBXResourcesBuildPhase section */
		6B4C37FD2118A31A00D5320A /* Resources */ = {
			isa = PBXResourcesBuildPhase;
			buildActionMask = 2147483647;
			files = (
				6B4C380D2118A31D00D5320A /* LaunchScreen.storyboard in Resources */,
				34BAC63D216DE8AD003AD55A /* ship.png in Resources */,
				6B7AE3C221247C2F00365A65 /* kmbData.json in Resources */,
				34BAC63A216DE455003AD55A /* ship.scn in Resources */,
				6B4C380A2118A31D00D5320A /* Assets.xcassets in Resources */,
			);
			runOnlyForDeploymentPostprocessing = 0;
		};
/* End PBXResourcesBuildPhase section */

/* Begin PBXSourcesBuildPhase section */
		6B4C37FB2118A31A00D5320A /* Sources */ = {
			isa = PBXSourcesBuildPhase;
			buildActionMask = 2147483647;
			files = (
				34390B3B2138F90D005F7503 /* AnimatedButtonCell.swift in Sources */,
				340E07952136A49E0029D8E2 /* GenericTableViewController.swift in Sources */,
				3478C49E211AD2E6009F2240 /* LeftBubbleTableViewCell.swift in Sources */,
				34390B2D2138E414005F7503 /* ValidatorManager.swift in Sources */,
				3478C4A6211AF64B009F2240 /* NotificationObserverViewController.swift in Sources */,
				34390B53213935A7005F7503 /* KLActivityIndicatorAnimationDelegate.swift in Sources */,
				3479FF6C216F05D10076F53C /* FloatingPoint+Radians.swift in Sources */,
				34645FB8212290B900D3D59D /* MessageUiViewController.swift in Sources */,
				34F6D29D2126D3FF00C84CE6 /* ETATableViewCell.swift in Sources */,
				340E078D213691830029D8E2 /* AnimationViewTableViewController.swift in Sources */,
				340E0792213697770029D8E2 /* NoneSelectionStyleTableViewCell.swift in Sources */,
				3479FF6E216F05D10076F53C /* CGPoint+Extensions.swift in Sources */,
				340E078421365C510029D8E2 /* UIColor.swift in Sources */,
				6B7AE3C421247D3600365A65 /* KMBData.swift in Sources */,
				34645FCC2123D2DA00D3D59D /* KivawsLoanClient.swift in Sources */,
				6B95898721231EBC0058CF74 /* WhatsappApiViewController.swift in Sources */,
				6B4C38152118A38600D5320A /* MenuTableViewController.swift in Sources */,
				6B95898F21233B8B0058CF74 /* RSSParseViewController.swift in Sources */,
				34B7FFFC2140F4BC009F25D8 /* PopUpCollectionViewCell.swift in Sources */,
				34645FC42123C82100D3D59D /* FreeAppParser.swift in Sources */,
				343B1DA1211C416B004E7E42 /* LoginTableViewCell.swift in Sources */,
				3479FF6F216F05D10076F53C /* CLLocation+Extensions.swift in Sources */,
				34F6D294212694A400C84CE6 /* KivawsLoanClientModel.swift in Sources */,
				34B7FFF92140F3EE009F25D8 /* PopUpViewController.swift in Sources */,
				34390B4821392C4A005F7503 /* ActivityIndicatorCollectionViewController.swift in Sources */,
				3478C43A21193A73009F2240 /* Layoutable.swift in Sources */,
				3479FF6D216F05D10076F53C /* LocationNode.swift in Sources */,
				6BA47DE12145332A004CE427 /* DateHelper.swift in Sources */,
				3479FF6A216F05D10076F53C /* SceneLocationEstimate.swift in Sources */,
				34663150217D72EE00BA222D /* KLCustomTableViewController.swift in Sources */,
				6B7AC4FD2120534400590ED6 /* BluetoothReadWriteViewController.swift in Sources */,
				6B7AE3C62124807200365A65 /* KMBETAClient.swift in Sources */,
				3479FF6B216F05D10076F53C /* SceneLocationEstimate+Extensions.swift in Sources */,
				3479FF70216F05D10076F53C /* SceneLocationView.swift in Sources */,
				34E168582142331A00522628 /* PagingCollectionViewController.swift in Sources */,
				3478C44421195E7F009F2240 /* CircleImageView.swift in Sources */,
				34645FD52123EFA400D3D59D /* String.swift in Sources */,
				3479FF71216F05D10076F53C /* LocationManager.swift in Sources */,
				34645FC62123CE5700D3D59D /* KMBClient.swift in Sources */,
				3478C49B211AD1F0009F2240 /* ChatUITableViewController.swift in Sources */,
				346D2FF62167455E0071AF7D /* KLImageViewController.swift in Sources */,
				6B4C381A2118A91F00D5320A /* Swift4JsonTableViewController.swift in Sources */,
				3478C43D21195BE1009F2240 /* Swift4JsonTableViewCell.swift in Sources */,
				6BA52669214176A8008354D8 /* VersionManager.swift in Sources */,
				34E1685521411BA600522628 /* PaperSwitch.swift in Sources */,
				34390B382138F778005F7503 /* KLCollectionViewController.swift in Sources */,
				34F6D28B2126759A00C84CE6 /* NetworkManager.swift in Sources */,
				3478C493211A86E7009F2240 /* HomeViewController.swift in Sources */,
				3479FF72216F05D10076F53C /* SCNNode+Extensions.swift in Sources */,
				3478C4A2211ADC76009F2240 /* RightBubbleTableViewCell.swift in Sources */,
				34645FCE2123DE4200D3D59D /* KLTableViewController.swift in Sources */,
				343B1D9E211C4116004E7E42 /* LoginTableViewController.swift in Sources */,
				34E168532140FB0400522628 /* BottomCardViewController.swift in Sources */,
				34BAC641216E01A0003AD55A /* ARKitGeogAddViewController.swift in Sources */,
				34390B4421390E18005F7503 /* KLAnimatableProtocol.swift in Sources */,
				34E1685A2142442300522628 /* PagingViewController.swift in Sources */,
				34390B552139372F005F7503 /* KLActivityIndicatorType.swift in Sources */,
				6B4C38032118A31A00D5320A /* AppDelegate.swift in Sources */,
				6B7AC4FA2120530700590ED6 /* UIView.swift in Sources */,
				34F6D28D2126899900C84CE6 /* KMBClientModel.swift in Sources */,
				34645FD32123E99A00D3D59D /* WhatsappClient.swift in Sources */,
				34645FD12123DF0B00D3D59D /* FreeAppCell.swift in Sources */,
				340E07872136645B0029D8E2 /* MagicalGridViewController.swift in Sources */,
				347DAE602167325500BEAD34 /* ImageCollectionViewCell.swift in Sources */,
				3478C44121195D26009F2240 /* UITableView.swift in Sources */,
				34B7FFF22140D109009F25D8 /* ScreenSizeManager.swift in Sources */,
				34390B342138EFB3005F7503 /* AnimationButtonCollectionViewController.swift in Sources */,
				34BAC636216DE365003AD55A /* ARKitTapToAddViewController.swift in Sources */,
				34645FB521227D7E00D3D59D /* PaddingTextField.swift in Sources */,
				3479FF69216F05D10076F53C /* SCNVector3+Extensions.swift in Sources */,
				34F6D298212697A300C84CE6 /* FreeAppParserModel.swift in Sources */,
				34E168512140FA9900522628 /* KLPickerViewController.swift in Sources */,
				3478C48F211996AC009F2240 /* NSLayoutConstraint.swift in Sources */,
				6BA52665214172F8008354D8 /* SharingManager.swift in Sources */,
				34645FD821242D9100D3D59D /* KMBDataManager.swift in Sources */,
				3437D1DA214B6F170073BD9A /* SpeechRecognitionViewController.swift in Sources */,
				34645FC22122D43800D3D59D /* KMBSearchViewController.swift in Sources */,
				6B95898C21232C690058CF74 /* KLViewController.swift in Sources */,
				6BA52664214172F8008354D8 /* iOSMessageManager.swift in Sources */,
				34390B4D21393041005F7503 /* ActivityIndicatorCollectionViewCell.swift in Sources */,
				340E07822135104A0029D8E2 /* CircleProgressViewController.swift in Sources */,
				34B7FFF42140D1A4009F25D8 /* KLAlertViewManager.swift in Sources */,
				34F6D29F2126D8F700C84CE6 /* KMBStopsInformationTableViewController.swift in Sources */,
				3478C497211A9F57009F2240 /* LargeTitleTableViewCell.swift in Sources */,
				340E0790213692600029D8E2 /* ShimmerTableViewCell.swift in Sources */,
				346D2FF42167440F0071AF7D /* KLImagePageViewController.swift in Sources */,
				34B7FFF62140E7AF009F25D8 /* MenuManager.swift in Sources */,
				34390B4A21392CAE005F7503 /* KLActivityIndicatorShape.swift in Sources */,
				3478C4A0211AD9AF009F2240 /* BaseBubbleTableViewCell.swift in Sources */,
				3478C49121199873009F2240 /* LoadingOverlay.swift in Sources */,
			);
			runOnlyForDeploymentPostprocessing = 0;
		};
/* End PBXSourcesBuildPhase section */

/* Begin PBXVariantGroup section */
		6B4C380B2118A31D00D5320A /* LaunchScreen.storyboard */ = {
			isa = PBXVariantGroup;
			children = (
				6B4C380C2118A31D00D5320A /* Base */,
			);
			name = LaunchScreen.storyboard;
			sourceTree = "<group>";
		};
/* End PBXVariantGroup section */

/* Begin XCBuildConfiguration section */
		6B4C380F2118A31D00D5320A /* Debug */ = {
			isa = XCBuildConfiguration;
			buildSettings = {
				ALWAYS_SEARCH_USER_PATHS = NO;
				CLANG_ANALYZER_NONNULL = YES;
				CLANG_ANALYZER_NUMBER_OBJECT_CONVERSION = YES_AGGRESSIVE;
				CLANG_CXX_LANGUAGE_STANDARD = "gnu++14";
				CLANG_CXX_LIBRARY = "libc++";
				CLANG_ENABLE_MODULES = YES;
				CLANG_ENABLE_OBJC_ARC = YES;
				CLANG_ENABLE_OBJC_WEAK = YES;
				CLANG_WARN_BLOCK_CAPTURE_AUTORELEASING = YES;
				CLANG_WARN_BOOL_CONVERSION = YES;
				CLANG_WARN_COMMA = YES;
				CLANG_WARN_CONSTANT_CONVERSION = YES;
				CLANG_WARN_DEPRECATED_OBJC_IMPLEMENTATIONS = YES;
				CLANG_WARN_DIRECT_OBJC_ISA_USAGE = YES_ERROR;
				CLANG_WARN_DOCUMENTATION_COMMENTS = YES;
				CLANG_WARN_EMPTY_BODY = YES;
				CLANG_WARN_ENUM_CONVERSION = YES;
				CLANG_WARN_INFINITE_RECURSION = YES;
				CLANG_WARN_INT_CONVERSION = YES;
				CLANG_WARN_NON_LITERAL_NULL_CONVERSION = YES;
				CLANG_WARN_OBJC_IMPLICIT_RETAIN_SELF = YES;
				CLANG_WARN_OBJC_LITERAL_CONVERSION = YES;
				CLANG_WARN_OBJC_ROOT_CLASS = YES_ERROR;
				CLANG_WARN_RANGE_LOOP_ANALYSIS = YES;
				CLANG_WARN_STRICT_PROTOTYPES = YES;
				CLANG_WARN_SUSPICIOUS_MOVE = YES;
				CLANG_WARN_UNGUARDED_AVAILABILITY = YES_AGGRESSIVE;
				CLANG_WARN_UNREACHABLE_CODE = YES;
				CLANG_WARN__DUPLICATE_METHOD_MATCH = YES;
				CODE_SIGN_IDENTITY = "iPhone Developer";
				COPY_PHASE_STRIP = NO;
				DEBUG_INFORMATION_FORMAT = dwarf;
				ENABLE_STRICT_OBJC_MSGSEND = YES;
				ENABLE_TESTABILITY = YES;
				GCC_C_LANGUAGE_STANDARD = gnu11;
				GCC_DYNAMIC_NO_PIC = NO;
				GCC_NO_COMMON_BLOCKS = YES;
				GCC_OPTIMIZATION_LEVEL = 0;
				GCC_PREPROCESSOR_DEFINITIONS = (
					"DEBUG=1",
					"$(inherited)",
				);
				GCC_WARN_64_TO_32_BIT_CONVERSION = YES;
				GCC_WARN_ABOUT_RETURN_TYPE = YES_ERROR;
				GCC_WARN_UNDECLARED_SELECTOR = YES;
				GCC_WARN_UNINITIALIZED_AUTOS = YES_AGGRESSIVE;
				GCC_WARN_UNUSED_FUNCTION = YES;
				GCC_WARN_UNUSED_VARIABLE = YES;
				IPHONEOS_DEPLOYMENT_TARGET = 11.0;
				MTL_ENABLE_DEBUG_INFO = YES;
				ONLY_ACTIVE_ARCH = YES;
				SDKROOT = iphoneos;
				SWIFT_ACTIVE_COMPILATION_CONDITIONS = DEBUG;
				SWIFT_OPTIMIZATION_LEVEL = "-Onone";
			};
			name = Debug;
		};
		6B4C38102118A31D00D5320A /* Release */ = {
			isa = XCBuildConfiguration;
			buildSettings = {
				ALWAYS_SEARCH_USER_PATHS = NO;
				CLANG_ANALYZER_NONNULL = YES;
				CLANG_ANALYZER_NUMBER_OBJECT_CONVERSION = YES_AGGRESSIVE;
				CLANG_CXX_LANGUAGE_STANDARD = "gnu++14";
				CLANG_CXX_LIBRARY = "libc++";
				CLANG_ENABLE_MODULES = YES;
				CLANG_ENABLE_OBJC_ARC = YES;
				CLANG_ENABLE_OBJC_WEAK = YES;
				CLANG_WARN_BLOCK_CAPTURE_AUTORELEASING = YES;
				CLANG_WARN_BOOL_CONVERSION = YES;
				CLANG_WARN_COMMA = YES;
				CLANG_WARN_CONSTANT_CONVERSION = YES;
				CLANG_WARN_DEPRECATED_OBJC_IMPLEMENTATIONS = YES;
				CLANG_WARN_DIRECT_OBJC_ISA_USAGE = YES_ERROR;
				CLANG_WARN_DOCUMENTATION_COMMENTS = YES;
				CLANG_WARN_EMPTY_BODY = YES;
				CLANG_WARN_ENUM_CONVERSION = YES;
				CLANG_WARN_INFINITE_RECURSION = YES;
				CLANG_WARN_INT_CONVERSION = YES;
				CLANG_WARN_NON_LITERAL_NULL_CONVERSION = YES;
				CLANG_WARN_OBJC_IMPLICIT_RETAIN_SELF = YES;
				CLANG_WARN_OBJC_LITERAL_CONVERSION = YES;
				CLANG_WARN_OBJC_ROOT_CLASS = YES_ERROR;
				CLANG_WARN_RANGE_LOOP_ANALYSIS = YES;
				CLANG_WARN_STRICT_PROTOTYPES = YES;
				CLANG_WARN_SUSPICIOUS_MOVE = YES;
				CLANG_WARN_UNGUARDED_AVAILABILITY = YES_AGGRESSIVE;
				CLANG_WARN_UNREACHABLE_CODE = YES;
				CLANG_WARN__DUPLICATE_METHOD_MATCH = YES;
				CODE_SIGN_IDENTITY = "iPhone Developer";
				COPY_PHASE_STRIP = NO;
				DEBUG_INFORMATION_FORMAT = "dwarf-with-dsym";
				ENABLE_NS_ASSERTIONS = NO;
				ENABLE_STRICT_OBJC_MSGSEND = YES;
				GCC_C_LANGUAGE_STANDARD = gnu11;
				GCC_NO_COMMON_BLOCKS = YES;
				GCC_WARN_64_TO_32_BIT_CONVERSION = YES;
				GCC_WARN_ABOUT_RETURN_TYPE = YES_ERROR;
				GCC_WARN_UNDECLARED_SELECTOR = YES;
				GCC_WARN_UNINITIALIZED_AUTOS = YES_AGGRESSIVE;
				GCC_WARN_UNUSED_FUNCTION = YES;
				GCC_WARN_UNUSED_VARIABLE = YES;
				IPHONEOS_DEPLOYMENT_TARGET = 11.0;
				MTL_ENABLE_DEBUG_INFO = NO;
				SDKROOT = iphoneos;
				SWIFT_COMPILATION_MODE = wholemodule;
				SWIFT_OPTIMIZATION_LEVEL = "-O";
				VALIDATE_PRODUCT = YES;
			};
			name = Release;
		};
		6B4C38122118A31D00D5320A /* Debug */ = {
			isa = XCBuildConfiguration;
			buildSettings = {
				ASSETCATALOG_COMPILER_APPICON_NAME = AppIcon;
				CODE_SIGN_STYLE = Manual;
				DEVELOPMENT_TEAM = 26Z79RZT8A;
				INFOPLIST_FILE = "iOS Practice/Info.plist";
				IPHONEOS_DEPLOYMENT_TARGET = 11.0;
				LD_RUNPATH_SEARCH_PATHS = (
					"$(inherited)",
					"@executable_path/Frameworks",
				);
				PRODUCT_BUNDLE_IDENTIFIER = "KL.personal.iOS-Practice";
				PRODUCT_NAME = "$(TARGET_NAME)";
				PROVISIONING_PROFILE = "ce57cb19-4ba7-460c-a58e-b58c76800cea";
				PROVISIONING_PROFILE_SPECIFIER = iOSPracticeDevPP;
				SWIFT_VERSION = 4.0;
				TARGETED_DEVICE_FAMILY = "1,2";
			};
			name = Debug;
		};
		6B4C38132118A31D00D5320A /* Release */ = {
			isa = XCBuildConfiguration;
			buildSettings = {
				ASSETCATALOG_COMPILER_APPICON_NAME = AppIcon;
				CODE_SIGN_STYLE = Manual;
				DEVELOPMENT_TEAM = "";
				INFOPLIST_FILE = "iOS Practice/Info.plist";
				IPHONEOS_DEPLOYMENT_TARGET = 11.0;
				LD_RUNPATH_SEARCH_PATHS = (
					"$(inherited)",
					"@executable_path/Frameworks",
				);
				PRODUCT_BUNDLE_IDENTIFIER = "KL.personal.iOS-Practice";
				PRODUCT_NAME = "$(TARGET_NAME)";
				PROVISIONING_PROFILE_SPECIFIER = "";
				SWIFT_VERSION = 4.0;
				TARGETED_DEVICE_FAMILY = "1,2";
			};
			name = Release;
		};
/* End XCBuildConfiguration section */

/* Begin XCConfigurationList section */
		6B4C37FA2118A31A00D5320A /* Build configuration list for PBXProject "iOS Practice" */ = {
			isa = XCConfigurationList;
			buildConfigurations = (
				6B4C380F2118A31D00D5320A /* Debug */,
				6B4C38102118A31D00D5320A /* Release */,
			);
			defaultConfigurationIsVisible = 0;
			defaultConfigurationName = Release;
		};
		6B4C38112118A31D00D5320A /* Build configuration list for PBXNativeTarget "iOS Practice" */ = {
			isa = XCConfigurationList;
			buildConfigurations = (
				6B4C38122118A31D00D5320A /* Debug */,
				6B4C38132118A31D00D5320A /* Release */,
			);
			defaultConfigurationIsVisible = 0;
			defaultConfigurationName = Release;
		};
/* End XCConfigurationList section */
	};
	rootObject = 6B4C37F72118A31A00D5320A /* Project object */;
}
